// !$*UTF8*$!
{
	archiveVersion = 1;
	classes = {
	};
	objectVersion = 71;
	objects = {

/* Begin PBXBuildFile section */
		550F21DD2B16C7EF004D5A51 /* DataBet in Frameworks */ = {isa = PBXBuildFile; productRef = 550F21DC2B16C7EF004D5A51 /* DataBet */; };
		556747072FB15A0800907CF9 /* ViewingState in Frameworks */ = {isa = PBXBuildFile; productRef = 556747062FB15A0800907CF9 /* ViewingState */; };
		556EBA612B16CB8F008D4ABD /* Session in Frameworks */ = {isa = PBXBuildFile; productRef = 556EBA602B16CB8F008D4ABD /* Session */; };
		558C522E2B40A046004AF956 /* FirebaseAuth in Frameworks */ = {isa = PBXBuildFile; productRef = 558C522D2B40A046004AF956 /* FirebaseAuth */; };
		55905C322B168C9F003EB79F /* Account in Frameworks */ = {isa = PBXBuildFile; productRef = 55905C312B168C9F003EB79F /* Account */; };
		55905C362B16C23E003EB79F /* DataPool in Frameworks */ = {isa = PBXBuildFile; productRef = 55905C352B16C23E003EB79F /* DataPool */; };
		D29956132A74215600F8878E /* Bet in Frameworks */ = {isa = PBXBuildFile; productRef = D29956122A74215600F8878E /* Bet */; };
		D2BB75112A5B65D500C7AE04 /* Pool in Frameworks */ = {isa = PBXBuildFile; productRef = D2BB75102A5B65D500C7AE04 /* Pool */; };
		D2C23D612A3E428D003CC860 /* UI in Frameworks */ = {isa = PBXBuildFile; productRef = D2C23D602A3E428D003CC860 /* UI */; };
		D2C23D632A3E4290003CC860 /* Core in Frameworks */ = {isa = PBXBuildFile; productRef = D2C23D622A3E4290003CC860 /* Core */; };
/* End PBXBuildFile section */

/* Begin PBXContainerItemProxy section */
		D2127F4B2A2C2F270047DED7 /* PBXContainerItemProxy */ = {
			isa = PBXContainerItemProxy;
			containerPortal = D2127F2D2A2C2F240047DED7 /* Project object */;
			proxyType = 1;
			remoteGlobalIDString = D2127F342A2C2F240047DED7;
			remoteInfo = Tyche;
		};
		D2127F552A2C2F270047DED7 /* PBXContainerItemProxy */ = {
			isa = PBXContainerItemProxy;
			containerPortal = D2127F2D2A2C2F240047DED7 /* Project object */;
			proxyType = 1;
			remoteGlobalIDString = D2127F342A2C2F240047DED7;
			remoteInfo = Tyche;
		};
/* End PBXContainerItemProxy section */

/* Begin PBXFileReference section */
		D2127F352A2C2F240047DED7 /* Tyche.app */ = {isa = PBXFileReference; explicitFileType = wrapper.application; includeInIndex = 0; path = Tyche.app; sourceTree = BUILT_PRODUCTS_DIR; };
		D2127F4A2A2C2F270047DED7 /* TycheTests.xctest */ = {isa = PBXFileReference; explicitFileType = wrapper.cfbundle; includeInIndex = 0; path = TycheTests.xctest; sourceTree = BUILT_PRODUCTS_DIR; };
		D2127F542A2C2F270047DED7 /* TycheUITests.xctest */ = {isa = PBXFileReference; explicitFileType = wrapper.cfbundle; includeInIndex = 0; path = TycheUITests.xctest; sourceTree = BUILT_PRODUCTS_DIR; };
/* End PBXFileReference section */

/* Begin PBXFileSystemSynchronizedBuildFileExceptionSet section */
		552E19AC2FBA75C700DA8129 /* PBXFileSystemSynchronizedBuildFileExceptionSet */ = {
			isa = PBXFileSystemSynchronizedBuildFileExceptionSet;
			membershipExceptions = (
				AppConfig.xcconfig,
				Info.plist,
			);
			target = D2127F342A2C2F240047DED7 /* Tyche */;
		};
/* End PBXFileSystemSynchronizedBuildFileExceptionSet section */

/* Begin PBXFileSystemSynchronizedRootGroup section */
		552E198A2FBA75C600DA8129 /* Tyche */ = {isa = PBXFileSystemSynchronizedRootGroup; exceptions = (552E19AC2FBA75C700DA8129 /* PBXFileSystemSynchronizedBuildFileExceptionSet */, ); explicitFileTypes = {}; explicitFolders = (); path = Tyche; sourceTree = "<group>"; };
		552E19AF2FBA841F00DA8129 /* TycheTests */ = {isa = PBXFileSystemSynchronizedRootGroup; explicitFileTypes = {}; explicitFolders = (); path = TycheTests; sourceTree = "<group>"; };
		552E19B42FBA842300DA8129 /* TycheUITests */ = {isa = PBXFileSystemSynchronizedRootGroup; explicitFileTypes = {}; explicitFolders = (); path = TycheUITests; sourceTree = "<group>"; };
/* End PBXFileSystemSynchronizedRootGroup section */

/* Begin PBXFrameworksBuildPhase section */
		D2127F322A2C2F240047DED7 /* Frameworks */ = {
			isa = PBXFrameworksBuildPhase;
			buildActionMask = 2147483647;
			files = (
				556747072FB15A0800907CF9 /* ViewingState in Frameworks */,
				D2C23D612A3E428D003CC860 /* UI in Frameworks */,
				55905C322B168C9F003EB79F /* Account in Frameworks */,
				D2BB75112A5B65D500C7AE04 /* Pool in Frameworks */,
				556EBA612B16CB8F008D4ABD /* Session in Frameworks */,
				558C522E2B40A046004AF956 /* FirebaseAuth in Frameworks */,
				550F21DD2B16C7EF004D5A51 /* DataBet in Frameworks */,
				D2C23D632A3E4290003CC860 /* Core in Frameworks */,
				D29956132A74215600F8878E /* Bet in Frameworks */,
				55905C362B16C23E003EB79F /* DataPool in Frameworks */,
			);
			runOnlyForDeploymentPostprocessing = 0;
		};
		D2127F472A2C2F270047DED7 /* Frameworks */ = {
			isa = PBXFrameworksBuildPhase;
			buildActionMask = 2147483647;
			files = (
			);
			runOnlyForDeploymentPostprocessing = 0;
		};
		D2127F512A2C2F270047DED7 /* Frameworks */ = {
			isa = PBXFrameworksBuildPhase;
			buildActionMask = 2147483647;
			files = (
			);
			runOnlyForDeploymentPostprocessing = 0;
		};
/* End PBXFrameworksBuildPhase section */

/* Begin PBXGroup section */
		D2127F2C2A2C2F240047DED7 = {
			isa = PBXGroup;
			children = (
				552E198A2FBA75C600DA8129 /* Tyche */,
				552E19AF2FBA841F00DA8129 /* TycheTests */,
				552E19B42FBA842300DA8129 /* TycheUITests */,
				D2127F362A2C2F240047DED7 /* Products */,
				D2127F672A2C2FD50047DED7 /* Frameworks */,
			);
			sourceTree = "<group>";
		};
		D2127F362A2C2F240047DED7 /* Products */ = {
			isa = PBXGroup;
			children = (
				D2127F352A2C2F240047DED7 /* Tyche.app */,
				D2127F4A2A2C2F270047DED7 /* TycheTests.xctest */,
				D2127F542A2C2F270047DED7 /* TycheUITests.xctest */,
			);
			name = Products;
			sourceTree = "<group>";
		};
		D2127F672A2C2FD50047DED7 /* Frameworks */ = {
			isa = PBXGroup;
			children = (
			);
			name = Frameworks;
			sourceTree = "<group>";
		};
/* End PBXGroup section */

/* Begin PBXNativeTarget section */
		D2127F342A2C2F240047DED7 /* Tyche */ = {
			isa = PBXNativeTarget;
			buildConfigurationList = D2127F5E2A2C2F270047DED7 /* Build configuration list for PBXNativeTarget "Tyche" */;
			buildPhases = (
				D2127F312A2C2F240047DED7 /* Sources */,
				D2127F322A2C2F240047DED7 /* Frameworks */,
				D2127F332A2C2F240047DED7 /* Resources */,
			);
			buildRules = (
			);
			dependencies = (
			);
			fileSystemSynchronizedGroups = (
				552E198A2FBA75C600DA8129 /* Tyche */,
			);
			name = Tyche;
			packageProductDependencies = (
				D2C23D602A3E428D003CC860 /* UI */,
				D2C23D622A3E4290003CC860 /* Core */,
				D2BB75102A5B65D500C7AE04 /* Pool */,
				D29956122A74215600F8878E /* Bet */,
				55905C312B168C9F003EB79F /* Account */,
				55905C352B16C23E003EB79F /* DataPool */,
				550F21DC2B16C7EF004D5A51 /* DataBet */,
				556EBA602B16CB8F008D4ABD /* Session */,
				558C522D2B40A046004AF956 /* FirebaseAuth */,
				556747062FB15A0800907CF9 /* ViewingState */,
			);
			productName = Tyche;
			productReference = D2127F352A2C2F240047DED7 /* Tyche.app */;
			productType = "com.apple.product-type.application";
		};
		D2127F492A2C2F270047DED7 /* TycheTests */ = {
			isa = PBXNativeTarget;
			buildConfigurationList = D2127F612A2C2F270047DED7 /* Build configuration list for PBXNativeTarget "TycheTests" */;
			buildPhases = (
				D2127F462A2C2F270047DED7 /* Sources */,
				D2127F472A2C2F270047DED7 /* Frameworks */,
				D2127F482A2C2F270047DED7 /* Resources */,
			);
			buildRules = (
			);
			dependencies = (
				D2127F4C2A2C2F270047DED7 /* PBXTargetDependency */,
			);
			fileSystemSynchronizedGroups = (
				552E19AF2FBA841F00DA8129 /* TycheTests */,
			);
			name = TycheTests;
			productName = TycheTests;
			productReference = D2127F4A2A2C2F270047DED7 /* TycheTests.xctest */;
			productType = "com.apple.product-type.bundle.unit-test";
		};
		D2127F532A2C2F270047DED7 /* TycheUITests */ = {
			isa = PBXNativeTarget;
			buildConfigurationList = D2127F642A2C2F270047DED7 /* Build configuration list for PBXNativeTarget "TycheUITests" */;
			buildPhases = (
				D2127F502A2C2F270047DED7 /* Sources */,
				D2127F512A2C2F270047DED7 /* Frameworks */,
				D2127F522A2C2F270047DED7 /* Resources */,
			);
			buildRules = (
			);
			dependencies = (
				D2127F562A2C2F270047DED7 /* PBXTargetDependency */,
			);
			fileSystemSynchronizedGroups = (
				552E19B42FBA842300DA8129 /* TycheUITests */,
			);
			name = TycheUITests;
			productName = TycheUITests;
			productReference = D2127F542A2C2F270047DED7 /* TycheUITests.xctest */;
			productType = "com.apple.product-type.bundle.ui-testing";
		};
/* End PBXNativeTarget section */

/* Begin PBXProject section */
		D2127F2D2A2C2F240047DED7 /* Project object */ = {
			isa = PBXProject;
			attributes = {
				BuildIndependentTargetsInParallel = 1;
				LastSwiftUpdateCheck = 1430;
				LastUpgradeCheck = 2640;
				TargetAttributes = {
					D2127F342A2C2F240047DED7 = {
						CreatedOnToolsVersion = 14.3.1;
					};
					D2127F492A2C2F270047DED7 = {
						CreatedOnToolsVersion = 14.3.1;
						TestTargetID = D2127F342A2C2F240047DED7;
					};
					D2127F532A2C2F270047DED7 = {
						CreatedOnToolsVersion = 14.3.1;
						TestTargetID = D2127F342A2C2F240047DED7;
					};
				};
			};
			buildConfigurationList = D2127F302A2C2F240047DED7 /* Build configuration list for PBXProject "Tyche" */;
			compatibilityVersion = "Xcode 15.0";
			developmentRegion = en;
			hasScannedForEncodings = 0;
			knownRegions = (
				en,
				es,
				"es-ES",
				Base,
			);
			mainGroup = D2127F2C2A2C2F240047DED7;
			packageReferences = (
				558C522C2B40A046004AF956 /* XCRemoteSwiftPackageReference "firebase-ios-sdk" */,
				556747052FB15A0800907CF9 /* XCRemoteSwiftPackageReference "viewing-state-swift" */,
			);
			productRefGroup = D2127F362A2C2F240047DED7 /* Products */;
			projectDirPath = "";
			projectRoot = "";
			targets = (
				D2127F342A2C2F240047DED7 /* Tyche */,
				D2127F492A2C2F270047DED7 /* TycheTests */,
				D2127F532A2C2F270047DED7 /* TycheUITests */,
			);
		};
/* End PBXProject section */

/* Begin PBXResourcesBuildPhase section */
		D2127F332A2C2F240047DED7 /* Resources */ = {
			isa = PBXResourcesBuildPhase;
			buildActionMask = 2147483647;
			files = (
			);
			runOnlyForDeploymentPostprocessing = 0;
		};
		D2127F482A2C2F270047DED7 /* Resources */ = {
			isa = PBXResourcesBuildPhase;
			buildActionMask = 2147483647;
			files = (
			);
			runOnlyForDeploymentPostprocessing = 0;
		};
		D2127F522A2C2F270047DED7 /* Resources */ = {
			isa = PBXResourcesBuildPhase;
			buildActionMask = 2147483647;
			files = (
			);
			runOnlyForDeploymentPostprocessing = 0;
		};
/* End PBXResourcesBuildPhase section */

/* Begin PBXSourcesBuildPhase section */
		D2127F312A2C2F240047DED7 /* Sources */ = {
			isa = PBXSourcesBuildPhase;
			buildActionMask = 2147483647;
			files = (
			);
			runOnlyForDeploymentPostprocessing = 0;
		};
		D2127F462A2C2F270047DED7 /* Sources */ = {
			isa = PBXSourcesBuildPhase;
			buildActionMask = 2147483647;
			files = (
			);
			runOnlyForDeploymentPostprocessing = 0;
		};
		D2127F502A2C2F270047DED7 /* Sources */ = {
			isa = PBXSourcesBuildPhase;
			buildActionMask = 2147483647;
			files = (
			);
			runOnlyForDeploymentPostprocessing = 0;
		};
/* End PBXSourcesBuildPhase section */

/* Begin PBXTargetDependency section */
		D2127F4C2A2C2F270047DED7 /* PBXTargetDependency */ = {
			isa = PBXTargetDependency;
			target = D2127F342A2C2F240047DED7 /* Tyche */;
			targetProxy = D2127F4B2A2C2F270047DED7 /* PBXContainerItemProxy */;
		};
		D2127F562A2C2F270047DED7 /* PBXTargetDependency */ = {
			isa = PBXTargetDependency;
			target = D2127F342A2C2F240047DED7 /* Tyche */;
			targetProxy = D2127F552A2C2F270047DED7 /* PBXContainerItemProxy */;
		};
/* End PBXTargetDependency section */

/* Begin XCBuildConfiguration section */
		D2127F5C2A2C2F270047DED7 /* Debug */ = {
			isa = XCBuildConfiguration;
			baseConfigurationReferenceAnchor = 552E198A2FBA75C600DA8129 /* Tyche */;
			baseConfigurationReferenceRelativePath = AppConfig.xcconfig;
			buildSettings = {
				ALWAYS_SEARCH_USER_PATHS = NO;
				ASSETCATALOG_COMPILER_GENERATE_ASSET_SYMBOLS = YES;
				ASSETCATALOG_COMPILER_GENERATE_SWIFT_ASSET_SYMBOL_EXTENSIONS = YES;
				CLANG_ANALYZER_LOCALIZABILITY_NONLOCALIZED = YES;
				CLANG_ANALYZER_NONNULL = YES;
				CLANG_ANALYZER_NUMBER_OBJECT_CONVERSION = YES_AGGRESSIVE;
				CLANG_CXX_LANGUAGE_STANDARD = "gnu++20";
				CLANG_ENABLE_MODULES = YES;
				CLANG_ENABLE_OBJC_ARC = YES;
				CLANG_ENABLE_OBJC_WEAK = YES;
				CLANG_WARN_BLOCK_CAPTURE_AUTORELEASING = YES;
				CLANG_WARN_BOOL_CONVERSION = YES;
				CLANG_WARN_COMMA = YES;
				CLANG_WARN_CONSTANT_CONVERSION = YES;
				CLANG_WARN_DEPRECATED_OBJC_IMPLEMENTATIONS = YES;
				CLANG_WARN_DIRECT_OBJC_ISA_USAGE = YES_ERROR;
				CLANG_WARN_DOCUMENTATION_COMMENTS = YES;
				CLANG_WARN_EMPTY_BODY = YES;
				CLANG_WARN_ENUM_CONVERSION = YES;
				CLANG_WARN_INFINITE_RECURSION = YES;
				CLANG_WARN_INT_CONVERSION = YES;
				CLANG_WARN_NON_LITERAL_NULL_CONVERSION = YES;
				CLANG_WARN_OBJC_IMPLICIT_RETAIN_SELF = YES;
				CLANG_WARN_OBJC_LITERAL_CONVERSION = YES;
				CLANG_WARN_OBJC_ROOT_CLASS = YES_ERROR;
				CLANG_WARN_QUOTED_INCLUDE_IN_FRAMEWORK_HEADER = YES;
				CLANG_WARN_RANGE_LOOP_ANALYSIS = YES;
				CLANG_WARN_STRICT_PROTOTYPES = YES;
				CLANG_WARN_SUSPICIOUS_MOVE = YES;
				CLANG_WARN_UNGUARDED_AVAILABILITY = YES_AGGRESSIVE;
				CLANG_WARN_UNREACHABLE_CODE = YES;
				CLANG_WARN__DUPLICATE_METHOD_MATCH = YES;
				COPY_PHASE_STRIP = NO;
				DEBUG_INFORMATION_FORMAT = dwarf;
				DEVELOPMENT_TEAM = H7N4H27ULJ;
				ENABLE_STRICT_OBJC_MSGSEND = YES;
				ENABLE_TESTABILITY = YES;
				ENABLE_USER_SCRIPT_SANDBOXING = YES;
				GCC_C_LANGUAGE_STANDARD = gnu11;
				GCC_DYNAMIC_NO_PIC = NO;
				GCC_NO_COMMON_BLOCKS = YES;
				GCC_OPTIMIZATION_LEVEL = 0;
				GCC_PREPROCESSOR_DEFINITIONS = (
					"DEBUG=1",
					"$(inherited)",
				);
				GCC_WARN_64_TO_32_BIT_CONVERSION = YES;
				GCC_WARN_ABOUT_RETURN_TYPE = YES_ERROR;
				GCC_WARN_UNDECLARED_SELECTOR = YES;
				GCC_WARN_UNINITIALIZED_AUTOS = YES_AGGRESSIVE;
				GCC_WARN_UNUSED_FUNCTION = YES;
				GCC_WARN_UNUSED_VARIABLE = YES;
				IPHONEOS_DEPLOYMENT_TARGET = 16.0;
				MTL_ENABLE_DEBUG_INFO = INCLUDE_SOURCE;
				MTL_FAST_MATH = YES;
				ONLY_ACTIVE_ARCH = YES;
				SDKROOT = iphoneos;
				STRING_CATALOG_GENERATE_SYMBOLS = YES;
				SWIFT_ACTIVE_COMPILATION_CONDITIONS = DEBUG;
				SWIFT_OPTIMIZATION_LEVEL = "-Onone";
			};
			name = Debug;
		};
		D2127F5D2A2C2F270047DED7 /* Release */ = {
			isa = XCBuildConfiguration;
			baseConfigurationReferenceAnchor = 552E198A2FBA75C600DA8129 /* Tyche */;
			baseConfigurationReferenceRelativePath = AppConfig.xcconfig;
			buildSettings = {
				ALWAYS_SEARCH_USER_PATHS = NO;
				ASSETCATALOG_COMPILER_GENERATE_ASSET_SYMBOLS = YES;
				ASSETCATALOG_COMPILER_GENERATE_SWIFT_ASSET_SYMBOL_EXTENSIONS = YES;
				CLANG_ANALYZER_LOCALIZABILITY_NONLOCALIZED = YES;
				CLANG_ANALYZER_NONNULL = YES;
				CLANG_ANALYZER_NUMBER_OBJECT_CONVERSION = YES_AGGRESSIVE;
				CLANG_CXX_LANGUAGE_STANDARD = "gnu++20";
				CLANG_ENABLE_MODULES = YES;
				CLANG_ENABLE_OBJC_ARC = YES;
				CLANG_ENABLE_OBJC_WEAK = YES;
				CLANG_WARN_BLOCK_CAPTURE_AUTORELEASING = YES;
				CLANG_WARN_BOOL_CONVERSION = YES;
				CLANG_WARN_COMMA = YES;
				CLANG_WARN_CONSTANT_CONVERSION = YES;
				CLANG_WARN_DEPRECATED_OBJC_IMPLEMENTATIONS = YES;
				CLANG_WARN_DIRECT_OBJC_ISA_USAGE = YES_ERROR;
				CLANG_WARN_DOCUMENTATION_COMMENTS = YES;
				CLANG_WARN_EMPTY_BODY = YES;
				CLANG_WARN_ENUM_CONVERSION = YES;
				CLANG_WARN_INFINITE_RECURSION = YES;
				CLANG_WARN_INT_CONVERSION = YES;
				CLANG_WARN_NON_LITERAL_NULL_CONVERSION = YES;
				CLANG_WARN_OBJC_IMPLICIT_RETAIN_SELF = YES;
				CLANG_WARN_OBJC_LITERAL_CONVERSION = YES;
				CLANG_WARN_OBJC_ROOT_CLASS = YES_ERROR;
				CLANG_WARN_QUOTED_INCLUDE_IN_FRAMEWORK_HEADER = YES;
				CLANG_WARN_RANGE_LOOP_ANALYSIS = YES;
				CLANG_WARN_STRICT_PROTOTYPES = YES;
				CLANG_WARN_SUSPICIOUS_MOVE = YES;
				CLANG_WARN_UNGUARDED_AVAILABILITY = YES_AGGRESSIVE;
				CLANG_WARN_UNREACHABLE_CODE = YES;
				CLANG_WARN__DUPLICATE_METHOD_MATCH = YES;
				COPY_PHASE_STRIP = NO;
				DEBUG_INFORMATION_FORMAT = "dwarf-with-dsym";
				DEVELOPMENT_TEAM = H7N4H27ULJ;
				ENABLE_NS_ASSERTIONS = NO;
				ENABLE_STRICT_OBJC_MSGSEND = YES;
				ENABLE_USER_SCRIPT_SANDBOXING = YES;
				GCC_C_LANGUAGE_STANDARD = gnu11;
				GCC_NO_COMMON_BLOCKS = YES;
				GCC_WARN_64_TO_32_BIT_CONVERSION = YES;
				GCC_WARN_ABOUT_RETURN_TYPE = YES_ERROR;
				GCC_WARN_UNDECLARED_SELECTOR = YES;
				GCC_WARN_UNINITIALIZED_AUTOS = YES_AGGRESSIVE;
				GCC_WARN_UNUSED_FUNCTION = YES;
				GCC_WARN_UNUSED_VARIABLE = YES;
				IPHONEOS_DEPLOYMENT_TARGET = 16.0;
				MTL_ENABLE_DEBUG_INFO = NO;
				MTL_FAST_MATH = YES;
				SDKROOT = iphoneos;
				STRING_CATALOG_GENERATE_SYMBOLS = YES;
				SWIFT_COMPILATION_MODE = wholemodule;
				SWIFT_OPTIMIZATION_LEVEL = "-O";
				VALIDATE_PRODUCT = YES;
			};
			name = Release;
		};
		D2127F5F2A2C2F270047DED7 /* Debug */ = {
			isa = XCBuildConfiguration;
			buildSettings = {
				ASSETCATALOG_COMPILER_APPICON_NAME = tyche;
				ASSETCATALOG_COMPILER_GLOBAL_ACCENT_COLOR_NAME = AccentColor;
				ASSETCATALOG_COMPILER_INCLUDE_ALL_APPICON_ASSETS = YES;
				CODE_SIGN_ENTITLEMENTS = Tyche/Tyche.entitlements;
				CODE_SIGN_STYLE = Automatic;
				CURRENT_PROJECT_VERSION = 9;
				DEVELOPMENT_ASSET_PATHS = "\"Tyche/Preview Content\"";
				ENABLE_PREVIEWS = YES;
				GENERATE_INFOPLIST_FILE = YES;
				INFOPLIST_FILE = Tyche/Info.plist;
				INFOPLIST_KEY_CFBundleDisplayName = Fortuna;
				INFOPLIST_KEY_LSApplicationCategoryType = "public.app-category.sports";
				INFOPLIST_KEY_UIApplicationSceneManifest_Generation = YES;
				INFOPLIST_KEY_UIApplicationSupportsIndirectInputEvents = YES;
				INFOPLIST_KEY_UILaunchStoryboardName = LaunchScreen;
				INFOPLIST_KEY_UISupportedInterfaceOrientations_iPad = "UIInterfaceOrientationPortrait UIInterfaceOrientationPortraitUpsideDown UIInterfaceOrientationLandscapeLeft UIInterfaceOrientationLandscapeRight";
				INFOPLIST_KEY_UISupportedInterfaceOrientations_iPhone = "UIInterfaceOrientationPortrait UIInterfaceOrientationLandscapeLeft UIInterfaceOrientationLandscapeRight";
				IPHONEOS_DEPLOYMENT_TARGET = 16.0;
				LD_RUNPATH_SEARCH_PATHS = (
					"$(inherited)",
					"@executable_path/Frameworks",
				);
				MARKETING_VERSION = 1.7.0;
				PRODUCT_BUNDLE_IDENTIFIER = com.felipearpa.tyche;
				PRODUCT_NAME = "$(TARGET_NAME)";
				SWIFT_EMIT_LOC_STRINGS = YES;
				SWIFT_VERSION = 5.0;
				TARGETED_DEVICE_FAMILY = "1,2";
			};
			name = Debug;
		};
		D2127F602A2C2F270047DED7 /* Release */ = {
			isa = XCBuildConfiguration;
			buildSettings = {
				ASSETCATALOG_COMPILER_APPICON_NAME = tyche;
				ASSETCATALOG_COMPILER_GLOBAL_ACCENT_COLOR_NAME = AccentColor;
				ASSETCATALOG_COMPILER_INCLUDE_ALL_APPICON_ASSETS = YES;
				CODE_SIGN_ENTITLEMENTS = Tyche/Tyche.entitlements;
				CODE_SIGN_STYLE = Automatic;
				CURRENT_PROJECT_VERSION = 9;
				DEVELOPMENT_ASSET_PATHS = "\"Tyche/Preview Content\"";
				ENABLE_PREVIEWS = YES;
				GENERATE_INFOPLIST_FILE = YES;
				INFOPLIST_FILE = Tyche/Info.plist;
				INFOPLIST_KEY_CFBundleDisplayName = Fortuna;
				INFOPLIST_KEY_LSApplicationCategoryType = "public.app-category.sports";
				INFOPLIST_KEY_UIApplicationSceneManifest_Generation = YES;
				INFOPLIST_KEY_UIApplicationSupportsIndirectInputEvents = YES;
				INFOPLIST_KEY_UILaunchStoryboardName = LaunchScreen;
				INFOPLIST_KEY_UISupportedInterfaceOrientations_iPad = "UIInterfaceOrientationPortrait UIInterfaceOrientationPortraitUpsideDown UIInterfaceOrientationLandscapeLeft UIInterfaceOrientationLandscapeRight";
				INFOPLIST_KEY_UISupportedInterfaceOrientations_iPhone = "UIInterfaceOrientationPortrait UIInterfaceOrientationLandscapeLeft UIInterfaceOrientationLandscapeRight";
				IPHONEOS_DEPLOYMENT_TARGET = 16.0;
				LD_RUNPATH_SEARCH_PATHS = (
					"$(inherited)",
					"@executable_path/Frameworks",
				);
				MARKETING_VERSION = 1.7.0;
				PRODUCT_BUNDLE_IDENTIFIER = com.felipearpa.tyche;
				PRODUCT_NAME = "$(TARGET_NAME)";
				SWIFT_EMIT_LOC_STRINGS = YES;
				SWIFT_VERSION = 5.0;
				TARGETED_DEVICE_FAMILY = "1,2";
			};
			name = Release;
		};
		D2127F622A2C2F270047DED7 /* Debug */ = {
			isa = XCBuildConfiguration;
			buildSettings = {
				BUNDLE_LOADER = "$(TEST_HOST)";
				CODE_SIGN_STYLE = Automatic;
				CURRENT_PROJECT_VERSION = 2;
				GENERATE_INFOPLIST_FILE = YES;
				IPHONEOS_DEPLOYMENT_TARGET = 16.0;
				MARKETING_VERSION = 1.1;
				PRODUCT_BUNDLE_IDENTIFIER = com.felipearpa.TycheTests;
				PRODUCT_NAME = "$(TARGET_NAME)";
				SWIFT_EMIT_LOC_STRINGS = NO;
				SWIFT_VERSION = 5.0;
				TARGETED_DEVICE_FAMILY = "1,2";
				TEST_HOST = "$(BUILT_PRODUCTS_DIR)/Tyche.app/$(BUNDLE_EXECUTABLE_FOLDER_PATH)/Tyche";
			};
			name = Debug;
		};
		D2127F632A2C2F270047DED7 /* Release */ = {
			isa = XCBuildConfiguration;
			buildSettings = {
				BUNDLE_LOADER = "$(TEST_HOST)";
				CODE_SIGN_STYLE = Automatic;
				CURRENT_PROJECT_VERSION = 2;
				GENERATE_INFOPLIST_FILE = YES;
				IPHONEOS_DEPLOYMENT_TARGET = 16.0;
				MARKETING_VERSION = 1.1;
				PRODUCT_BUNDLE_IDENTIFIER = com.felipearpa.TycheTests;
				PRODUCT_NAME = "$(TARGET_NAME)";
				SWIFT_EMIT_LOC_STRINGS = NO;
				SWIFT_VERSION = 5.0;
				TARGETED_DEVICE_FAMILY = "1,2";
				TEST_HOST = "$(BUILT_PRODUCTS_DIR)/Tyche.app/$(BUNDLE_EXECUTABLE_FOLDER_PATH)/Tyche";
			};
			name = Release;
		};
		D2127F652A2C2F270047DED7 /* Debug */ = {
			isa = XCBuildConfiguration;
			buildSettings = {
				CODE_SIGN_STYLE = Automatic;
				CURRENT_PROJECT_VERSION = 2;
				GENERATE_INFOPLIST_FILE = YES;
				MARKETING_VERSION = 1.1;
				PRODUCT_BUNDLE_IDENTIFIER = com.felipearpa.TycheUITests;
				PRODUCT_NAME = "$(TARGET_NAME)";
				SWIFT_EMIT_LOC_STRINGS = NO;
				SWIFT_VERSION = 5.0;
				TARGETED_DEVICE_FAMILY = "1,2";
				TEST_TARGET_NAME = Tyche;
			};
			name = Debug;
		};
		D2127F662A2C2F270047DED7 /* Release */ = {
			isa = XCBuildConfiguration;
			buildSettings = {
				CODE_SIGN_STYLE = Automatic;
				CURRENT_PROJECT_VERSION = 2;
				GENERATE_INFOPLIST_FILE = YES;
				MARKETING_VERSION = 1.1;
				PRODUCT_BUNDLE_IDENTIFIER = com.felipearpa.TycheUITests;
				PRODUCT_NAME = "$(TARGET_NAME)";
				SWIFT_EMIT_LOC_STRINGS = NO;
				SWIFT_VERSION = 5.0;
				TARGETED_DEVICE_FAMILY = "1,2";
				TEST_TARGET_NAME = Tyche;
			};
			name = Release;
		};
/* End XCBuildConfiguration section */

/* Begin XCConfigurationList section */
		D2127F302A2C2F240047DED7 /* Build configuration list for PBXProject "Tyche" */ = {
			isa = XCConfigurationList;
			buildConfigurations = (
				D2127F5C2A2C2F270047DED7 /* Debug */,
				D2127F5D2A2C2F270047DED7 /* Release */,
			);
			defaultConfigurationIsVisible = 0;
			defaultConfigurationName = Release;
		};
		D2127F5E2A2C2F270047DED7 /* Build configuration list for PBXNativeTarget "Tyche" */ = {
			isa = XCConfigurationList;
			buildConfigurations = (
				D2127F5F2A2C2F270047DED7 /* Debug */,
				D2127F602A2C2F270047DED7 /* Release */,
			);
			defaultConfigurationIsVisible = 0;
			defaultConfigurationName = Release;
		};
		D2127F612A2C2F270047DED7 /* Build configuration list for PBXNativeTarget "TycheTests" */ = {
			isa = XCConfigurationList;
			buildConfigurations = (
				D2127F622A2C2F270047DED7 /* Debug */,
				D2127F632A2C2F270047DED7 /* Release */,
			);
			defaultConfigurationIsVisible = 0;
			defaultConfigurationName = Release;
		};
		D2127F642A2C2F270047DED7 /* Build configuration list for PBXNativeTarget "TycheUITests" */ = {
			isa = XCConfigurationList;
			buildConfigurations = (
				D2127F652A2C2F270047DED7 /* Debug */,
				D2127F662A2C2F270047DED7 /* Release */,
			);
			defaultConfigurationIsVisible = 0;
			defaultConfigurationName = Release;
		};
/* End XCConfigurationList section */

/* Begin XCRemoteSwiftPackageReference section */
		556747052FB15A0800907CF9 /* XCRemoteSwiftPackageReference "viewing-state-swift" */ = {
			isa = XCRemoteSwiftPackageReference;
			repositoryURL = "https://github.com/felipearpa/viewing-state-swift";
			requirement = {
				kind = exactVersion;
				version = 0.0.1;
			};
		};
		558C522C2B40A046004AF956 /* XCRemoteSwiftPackageReference "firebase-ios-sdk" */ = {
			isa = XCRemoteSwiftPackageReference;
			repositoryURL = "https://github.com/firebase/firebase-ios-sdk";
			requirement = {
				kind = exactVersion;
				version = 12.0.0;
			};
		};
/* End XCRemoteSwiftPackageReference section */

/* Begin XCSwiftPackageProductDependency section */
		550F21DC2B16C7EF004D5A51 /* DataBet */ = {
			isa = XCSwiftPackageProductDependency;
			productName = DataBet;
		};
		556747062FB15A0800907CF9 /* ViewingState */ = {
			isa = XCSwiftPackageProductDependency;
			package = 556747052FB15A0800907CF9 /* XCRemoteSwiftPackageReference "viewing-state-swift" */;
			productName = ViewingState;
		};
		556EBA602B16CB8F008D4ABD /* Session */ = {
			isa = XCSwiftPackageProductDependency;
			productName = Session;
		};
		558C522D2B40A046004AF956 /* FirebaseAuth */ = {
			isa = XCSwiftPackageProductDependency;
			package = 558C522C2B40A046004AF956 /* XCRemoteSwiftPackageReference "firebase-ios-sdk" */;
			productName = FirebaseAuth;
		};
		55905C312B168C9F003EB79F /* Account */ = {
			isa = XCSwiftPackageProductDependency;
			productName = Account;
		};
		55905C352B16C23E003EB79F /* DataPool */ = {
			isa = XCSwiftPackageProductDependency;
			productName = DataPool;
		};
		D29956122A74215600F8878E /* Bet */ = {
			isa = XCSwiftPackageProductDependency;
			productName = Bet;
		};
		D2BB75102A5B65D500C7AE04 /* Pool */ = {
			isa = XCSwiftPackageProductDependency;
			productName = Pool;
		};
		D2C23D602A3E428D003CC860 /* UI */ = {
			isa = XCSwiftPackageProductDependency;
			productName = UI;
		};
		D2C23D622A3E4290003CC860 /* Core */ = {
			isa = XCSwiftPackageProductDependency;
			productName = Core;
		};
/* End XCSwiftPackageProductDependency section */
	};
	rootObject = D2127F2D2A2C2F240047DED7 /* Project object */;
}
