
Microsoft Visual Studio Solution File, Format Version 12.00
Project("{F2A71F9B-5D33-465A-A702-920D77279786}") = "Felipearpa.Core", "Felipearpa.Core\Felipearpa.Core.fsproj", "{F3B11B00-51F9-4A8E-8D1A-774AB1923491}"
EndProject
Project("{F2A71F9B-5D33-465A-A702-920D77279786}") = "Felipearpa.Core.Test", "Felipearpa.Core.Test\Felipearpa.Core.Test.fsproj", "{5C325F9B-C9FC-468E-A54F-F0AABB307BCC}"
EndProject
Global
	GlobalSection(SolutionConfigurationPlatforms) = preSolution
		Debug|Any CPU = Debug|Any CPU
		Release|Any CPU = Release|Any CPU
	EndGlobalSection
	GlobalSection(ProjectConfigurationPlatforms) = postSolution
		{F3B11B00-51F9-4A8E-8D1A-774AB1923491}.Debug|Any CPU.ActiveCfg = Debug|Any CPU
		{F3B11B00-51F9-4A8E-8D1A-774AB1923491}.Debug|Any CPU.Build.0 = Debug|Any CPU
		{F3B11B00-51F9-4A8E-8D1A-774AB1923491}.Release|Any CPU.ActiveCfg = Release|Any CPU
		{F3B11B00-51F9-4A8E-8D1A-774AB1923491}.Release|Any CPU.Build.0 = Release|Any CPU
		{5C325F9B-C9FC-468E-A54F-F0AABB307BCC}.Debug|Any CPU.ActiveCfg = Debug|Any CPU
		{5C325F9B-C9FC-468E-A54F-F0AABB307BCC}.Debug|Any CPU.Build.0 = Debug|Any CPU
		{5C325F9B-C9FC-468E-A54F-F0AABB307BCC}.Release|Any CPU.ActiveCfg = Release|Any CPU
		{5C325F9B-C9FC-468E-A54F-F0AABB307BCC}.Release|Any CPU.Build.0 = Release|Any CPU
	EndGlobalSection
EndGlobal
