// !$*UTF8*$!
{
	archiveVersion = 1;
	classes = {
	};
	objectVersion = 70;
	objects = {

/* Begin PBXBuildFile section */
		550F21DD2B16C7EF004D5A51 /* DataBet in Frameworks */ = {isa = PBXBuildFile; productRef = 550F21DC2B16C7EF004D5A51 /* DataBet */; };
		556EBA612B16CB8F008D4ABD /* Session in Frameworks */ = {isa = PBXBuildFile; productRef = 556EBA602B16CB8F008D4ABD /* Session */; };
		557D1EAA2B40AD2B000FF9F9 /* GoogleService-Info.plist in Resources */ = {isa = PBXBuildFile; fileRef = 557D1EA92B40AD2B000FF9F9 /* GoogleService-Info.plist */; };
		558C522E2B40A046004AF956 /* FirebaseAuth in Frameworks */ = {isa = PBXBuildFile; productRef = 558C522D2B40A046004AF956 /* FirebaseAuth */; };
		55905C322B168C9F003EB79F /* Account in Frameworks */ = {isa = PBXBuildFile; productRef = 55905C312B168C9F003EB79F /* Account */; };
		55905C362B16C23E003EB79F /* DataPool in Frameworks */ = {isa = PBXBuildFile; productRef = 55905C352B16C23E003EB79F /* DataPool */; };
		55A869FC2B9000C80055B421 /* EmailSignInURLProcessor.swift in Sources */ = {isa = PBXBuildFile; fileRef = 55A869FB2B9000C80055B421 /* EmailSignInURLProcessor.swift */; };
		55C9D9032E2ACB14007B79CA /* JoinPoolURLProcessor.swift in Sources */ = {isa = PBXBuildFile; fileRef = 55C9D9022E2ACB14007B79CA /* JoinPoolURLProcessor.swift */; };
		55F9FDCA2B56EAD500066BBA /* EmailLinkSignInRouter.swift in Sources */ = {isa = PBXBuildFile; fileRef = 55F9FDC92B56EAD500066BBA /* EmailLinkSignInRouter.swift */; };
		D2127F392A2C2F240047DED7 /* TycheApp.swift in Sources */ = {isa = PBXBuildFile; fileRef = D2127F382A2C2F240047DED7 /* TycheApp.swift */; };
		D2127F3D2A2C2F260047DED7 /* Assets.xcassets in Resources */ = {isa = PBXBuildFile; fileRef = D2127F3C2A2C2F260047DED7 /* Assets.xcassets */; };
		D2127F402A2C2F260047DED7 /* Preview Assets.xcassets in Resources */ = {isa = PBXBuildFile; fileRef = D2127F3F2A2C2F260047DED7 /* Preview Assets.xcassets */; };
		D2127F452A2C2F260047DED7 /* Tyche.xcdatamodeld in Sources */ = {isa = PBXBuildFile; fileRef = D2127F432A2C2F260047DED7 /* Tyche.xcdatamodeld */; };
		D2127F4F2A2C2F270047DED7 /* TycheTests.swift in Sources */ = {isa = PBXBuildFile; fileRef = D2127F4E2A2C2F270047DED7 /* TycheTests.swift */; };
		D2127F592A2C2F270047DED7 /* TycheUITests.swift in Sources */ = {isa = PBXBuildFile; fileRef = D2127F582A2C2F270047DED7 /* TycheUITests.swift */; };
		D2127F5B2A2C2F270047DED7 /* TycheUITestsLaunchTests.swift in Sources */ = {isa = PBXBuildFile; fileRef = D2127F5A2A2C2F270047DED7 /* TycheUITestsLaunchTests.swift */; };
		D2127F752A2C33210047DED7 /* StringResource.swift in Sources */ = {isa = PBXBuildFile; fileRef = D2127F742A2C33210047DED7 /* StringResource.swift */; };
		D2127F7A2A2C33920047DED7 /* MainView.swift in Sources */ = {isa = PBXBuildFile; fileRef = D2127F792A2C33920047DED7 /* MainView.swift */; };
		D21495EC2ABFD65E00C18C71 /* HomeRouter.swift in Sources */ = {isa = PBXBuildFile; fileRef = D21495EB2ABFD65E00C18C71 /* HomeRouter.swift */; };
		D21495EE2ABFDDFD00C18C71 /* PoolHomeRouter.swift in Sources */ = {isa = PBXBuildFile; fileRef = D21495ED2ABFDDFD00C18C71 /* PoolHomeRouter.swift */; };
		D29956132A74215600F8878E /* Bet in Frameworks */ = {isa = PBXBuildFile; productRef = D29956122A74215600F8878E /* Bet */; };
		D2A7804D2AC8BB1A00F01A02 /* Localizable.xcstrings in Resources */ = {isa = PBXBuildFile; fileRef = D2A7804C2AC8BB1A00F01A02 /* Localizable.xcstrings */; };
		D2BB75112A5B65D500C7AE04 /* Pool in Frameworks */ = {isa = PBXBuildFile; productRef = D2BB75102A5B65D500C7AE04 /* Pool */; };
		D2C23D612A3E428D003CC860 /* UI in Frameworks */ = {isa = PBXBuildFile; productRef = D2C23D602A3E428D003CC860 /* UI */; };
		D2C23D632A3E4290003CC860 /* Core in Frameworks */ = {isa = PBXBuildFile; productRef = D2C23D622A3E4290003CC860 /* Core */; };
		D2DAB79A2A6DB7B400ED29AC /* PoolHomeRoute.swift in Sources */ = {isa = PBXBuildFile; fileRef = D2DAB7992A6DB7B400ED29AC /* PoolHomeRoute.swift */; };
/* End PBXBuildFile section */

/* Begin PBXContainerItemProxy section */
		D2127F4B2A2C2F270047DED7 /* PBXContainerItemProxy */ = {
			isa = PBXContainerItemProxy;
			containerPortal = D2127F2D2A2C2F240047DED7 /* Project object */;
			proxyType = 1;
			remoteGlobalIDString = D2127F342A2C2F240047DED7;
			remoteInfo = Tyche;
		};
		D2127F552A2C2F270047DED7 /* PBXContainerItemProxy */ = {
			isa = PBXContainerItemProxy;
			containerPortal = D2127F2D2A2C2F240047DED7 /* Project object */;
			proxyType = 1;
			remoteGlobalIDString = D2127F342A2C2F240047DED7;
			remoteInfo = Tyche;
		};
/* End PBXContainerItemProxy section */

/* Begin PBXFileReference section */
		557942532B4C413400B1B3DA /* Tyche.entitlements */ = {isa = PBXFileReference; lastKnownFileType = text.plist.entitlements; path = Tyche.entitlements; sourceTree = "<group>"; };
		557D1EA92B40AD2B000FF9F9 /* GoogleService-Info.plist */ = {isa = PBXFileReference; fileEncoding = 4; lastKnownFileType = text.plist.xml; path = "GoogleService-Info.plist"; sourceTree = "<group>"; };
		55A869FB2B9000C80055B421 /* EmailSignInURLProcessor.swift */ = {isa = PBXFileReference; lastKnownFileType = sourcecode.swift; path = EmailSignInURLProcessor.swift; sourceTree = "<group>"; };
		55C9D9022E2ACB14007B79CA /* JoinPoolURLProcessor.swift */ = {isa = PBXFileReference; lastKnownFileType = sourcecode.swift; path = JoinPoolURLProcessor.swift; sourceTree = "<group>"; };
		55F9FDC92B56EAD500066BBA /* EmailLinkSignInRouter.swift */ = {isa = PBXFileReference; lastKnownFileType = sourcecode.swift; path = EmailLinkSignInRouter.swift; sourceTree = "<group>"; };
		D204461A2A367F1400390319 /* Info.plist */ = {isa = PBXFileReference; lastKnownFileType = text.plist; path = Info.plist; sourceTree = "<group>"; };
		D2127F352A2C2F240047DED7 /* Tyche.app */ = {isa = PBXFileReference; explicitFileType = wrapper.application; includeInIndex = 0; path = Tyche.app; sourceTree = BUILT_PRODUCTS_DIR; };
		D2127F382A2C2F240047DED7 /* TycheApp.swift */ = {isa = PBXFileReference; lastKnownFileType = sourcecode.swift; path = TycheApp.swift; sourceTree = "<group>"; };
		D2127F3C2A2C2F260047DED7 /* Assets.xcassets */ = {isa = PBXFileReference; lastKnownFileType = folder.assetcatalog; path = Assets.xcassets; sourceTree = "<group>"; };
		D2127F3F2A2C2F260047DED7 /* Preview Assets.xcassets */ = {isa = PBXFileReference; lastKnownFileType = folder.assetcatalog; path = "Preview Assets.xcassets"; sourceTree = "<group>"; };
		D2127F442A2C2F260047DED7 /* Tyche.xcdatamodel */ = {isa = PBXFileReference; lastKnownFileType = wrapper.xcdatamodel; path = Tyche.xcdatamodel; sourceTree = "<group>"; };
		D2127F4A2A2C2F270047DED7 /* TycheTests.xctest */ = {isa = PBXFileReference; explicitFileType = wrapper.cfbundle; includeInIndex = 0; path = TycheTests.xctest; sourceTree = BUILT_PRODUCTS_DIR; };
		D2127F4E2A2C2F270047DED7 /* TycheTests.swift */ = {isa = PBXFileReference; lastKnownFileType = sourcecode.swift; path = TycheTests.swift; sourceTree = "<group>"; };
		D2127F542A2C2F270047DED7 /* TycheUITests.xctest */ = {isa = PBXFileReference; explicitFileType = wrapper.cfbundle; includeInIndex = 0; path = TycheUITests.xctest; sourceTree = BUILT_PRODUCTS_DIR; };
		D2127F582A2C2F270047DED7 /* TycheUITests.swift */ = {isa = PBXFileReference; lastKnownFileType = sourcecode.swift; path = TycheUITests.swift; sourceTree = "<group>"; };
		D2127F5A2A2C2F270047DED7 /* TycheUITestsLaunchTests.swift */ = {isa = PBXFileReference; lastKnownFileType = sourcecode.swift; path = TycheUITestsLaunchTests.swift; sourceTree = "<group>"; };
		D2127F742A2C33210047DED7 /* StringResource.swift */ = {isa = PBXFileReference; lastKnownFileType = sourcecode.swift; path = StringResource.swift; sourceTree = "<group>"; };
		D2127F792A2C33920047DED7 /* MainView.swift */ = {isa = PBXFileReference; lastKnownFileType = sourcecode.swift; path = MainView.swift; sourceTree = "<group>"; };
		D21495EB2ABFD65E00C18C71 /* HomeRouter.swift */ = {isa = PBXFileReference; lastKnownFileType = sourcecode.swift; path = HomeRouter.swift; sourceTree = "<group>"; };
		D21495ED2ABFDDFD00C18C71 /* PoolHomeRouter.swift */ = {isa = PBXFileReference; lastKnownFileType = sourcecode.swift; path = PoolHomeRouter.swift; sourceTree = "<group>"; };
		D2A7804C2AC8BB1A00F01A02 /* Localizable.xcstrings */ = {isa = PBXFileReference; lastKnownFileType = text.json.xcstrings; path = Localizable.xcstrings; sourceTree = "<group>"; };
		D2DAB7992A6DB7B400ED29AC /* PoolHomeRoute.swift */ = {isa = PBXFileReference; lastKnownFileType = sourcecode.swift; path = PoolHomeRoute.swift; sourceTree = "<group>"; };
/* End PBXFileReference section */

/* Begin PBXFileSystemSynchronizedRootGroup section */
		55C9D9102E2AE2A9007B79CA /* PoolHome */ = {isa = PBXFileSystemSynchronizedRootGroup; explicitFileTypes = {}; explicitFolders = (); path = PoolHome; sourceTree = "<group>"; };
		55C9D92E2E2B1D24007B79CA /* Home */ = {isa = PBXFileSystemSynchronizedRootGroup; explicitFileTypes = {}; explicitFolders = (); path = Home; sourceTree = "<group>"; };
		55DC0E1C2E283C32007F7BD9 /* PoolScoreList */ = {isa = PBXFileSystemSynchronizedRootGroup; explicitFileTypes = {}; explicitFolders = (); path = PoolScoreList; sourceTree = "<group>"; };
/* End PBXFileSystemSynchronizedRootGroup section */

/* Begin PBXFrameworksBuildPhase section */
		D2127F322A2C2F240047DED7 /* Frameworks */ = {
			isa = PBXFrameworksBuildPhase;
			buildActionMask = 2147483647;
			files = (
				D2C23D612A3E428D003CC860 /* UI in Frameworks */,
				55905C322B168C9F003EB79F /* Account in Frameworks */,
				D2BB75112A5B65D500C7AE04 /* Pool in Frameworks */,
				556EBA612B16CB8F008D4ABD /* Session in Frameworks */,
				558C522E2B40A046004AF956 /* FirebaseAuth in Frameworks */,
				550F21DD2B16C7EF004D5A51 /* DataBet in Frameworks */,
				D2C23D632A3E4290003CC860 /* Core in Frameworks */,
				D29956132A74215600F8878E /* Bet in Frameworks */,
				55905C362B16C23E003EB79F /* DataPool in Frameworks */,
			);
			runOnlyForDeploymentPostprocessing = 0;
		};
		D2127F472A2C2F270047DED7 /* Frameworks */ = {
			isa = PBXFrameworksBuildPhase;
			buildActionMask = 2147483647;
			files = (
			);
			runOnlyForDeploymentPostprocessing = 0;
		};
		D2127F512A2C2F270047DED7 /* Frameworks */ = {
			isa = PBXFrameworksBuildPhase;
			buildActionMask = 2147483647;
			files = (
			);
			runOnlyForDeploymentPostprocessing = 0;
		};
/* End PBXFrameworksBuildPhase section */

/* Begin PBXGroup section */
		D2127F2C2A2C2F240047DED7 = {
			isa = PBXGroup;
			children = (
				D2127F372A2C2F240047DED7 /* Tyche */,
				D2127F4D2A2C2F270047DED7 /* TycheTests */,
				D2127F572A2C2F270047DED7 /* TycheUITests */,
				D2127F362A2C2F240047DED7 /* Products */,
				D2127F672A2C2FD50047DED7 /* Frameworks */,
			);
			sourceTree = "<group>";
		};
		D2127F362A2C2F240047DED7 /* Products */ = {
			isa = PBXGroup;
			children = (
				D2127F352A2C2F240047DED7 /* Tyche.app */,
				D2127F4A2A2C2F270047DED7 /* TycheTests.xctest */,
				D2127F542A2C2F270047DED7 /* TycheUITests.xctest */,
			);
			name = Products;
			sourceTree = "<group>";
		};
		D2127F372A2C2F240047DED7 /* Tyche */ = {
			isa = PBXGroup;
			children = (
				557942532B4C413400B1B3DA /* Tyche.entitlements */,
				D204461A2A367F1400390319 /* Info.plist */,
				557D1EA92B40AD2B000FF9F9 /* GoogleService-Info.plist */,
				D2A7804E2AC8BBD700F01A02 /* Localizable */,
				D2127F762A2C33340047DED7 /* UI */,
				D2127F382A2C2F240047DED7 /* TycheApp.swift */,
				55A869FB2B9000C80055B421 /* EmailSignInURLProcessor.swift */,
				55C9D9022E2ACB14007B79CA /* JoinPoolURLProcessor.swift */,
				D2127F3C2A2C2F260047DED7 /* Assets.xcassets */,
				D2127F432A2C2F260047DED7 /* Tyche.xcdatamodeld */,
				D2127F3E2A2C2F260047DED7 /* Preview Content */,
			);
			path = Tyche;
			sourceTree = "<group>";
		};
		D2127F3E2A2C2F260047DED7 /* Preview Content */ = {
			isa = PBXGroup;
			children = (
				D2127F3F2A2C2F260047DED7 /* Preview Assets.xcassets */,
			);
			path = "Preview Content";
			sourceTree = "<group>";
		};
		D2127F4D2A2C2F270047DED7 /* TycheTests */ = {
			isa = PBXGroup;
			children = (
				D2127F4E2A2C2F270047DED7 /* TycheTests.swift */,
			);
			path = TycheTests;
			sourceTree = "<group>";
		};
		D2127F572A2C2F270047DED7 /* TycheUITests */ = {
			isa = PBXGroup;
			children = (
				D2127F582A2C2F270047DED7 /* TycheUITests.swift */,
				D2127F5A2A2C2F270047DED7 /* TycheUITestsLaunchTests.swift */,
			);
			path = TycheUITests;
			sourceTree = "<group>";
		};
		D2127F672A2C2FD50047DED7 /* Frameworks */ = {
			isa = PBXGroup;
			children = (
			);
			name = Frameworks;
			sourceTree = "<group>";
		};
		D2127F762A2C33340047DED7 /* UI */ = {
			isa = PBXGroup;
			children = (
				55C9D92E2E2B1D24007B79CA /* Home */,
				55C9D9102E2AE2A9007B79CA /* PoolHome */,
				55DC0E1C2E283C32007F7BD9 /* PoolScoreList */,
				D2127F792A2C33920047DED7 /* MainView.swift */,
				D2DAB7992A6DB7B400ED29AC /* PoolHomeRoute.swift */,
				D21495EB2ABFD65E00C18C71 /* HomeRouter.swift */,
				D21495ED2ABFDDFD00C18C71 /* PoolHomeRouter.swift */,
				55F9FDC92B56EAD500066BBA /* EmailLinkSignInRouter.swift */,
			);
			path = UI;
			sourceTree = "<group>";
		};
		D2A7804E2AC8BBD700F01A02 /* Localizable */ = {
			isa = PBXGroup;
			children = (
				D2A7804C2AC8BB1A00F01A02 /* Localizable.xcstrings */,
				D2127F742A2C33210047DED7 /* StringResource.swift */,
			);
			path = Localizable;
			sourceTree = "<group>";
		};
/* End PBXGroup section */

/* Begin PBXNativeTarget section */
		D2127F342A2C2F240047DED7 /* Tyche */ = {
			isa = PBXNativeTarget;
			buildConfigurationList = D2127F5E2A2C2F270047DED7 /* Build configuration list for PBXNativeTarget "Tyche" */;
			buildPhases = (
				D2127F312A2C2F240047DED7 /* Sources */,
				D2127F322A2C2F240047DED7 /* Frameworks */,
				D2127F332A2C2F240047DED7 /* Resources */,
			);
			buildRules = (
			);
			dependencies = (
			);
			fileSystemSynchronizedGroups = (
				55C9D9102E2AE2A9007B79CA /* PoolHome */,
				55C9D92E2E2B1D24007B79CA /* Home */,
				55DC0E1C2E283C32007F7BD9 /* PoolScoreList */,
			);
			name = Tyche;
			packageProductDependencies = (
				D2C23D602A3E428D003CC860 /* UI */,
				D2C23D622A3E4290003CC860 /* Core */,
				D2BB75102A5B65D500C7AE04 /* Pool */,
				D29956122A74215600F8878E /* Bet */,
				55905C312B168C9F003EB79F /* Account */,
				55905C352B16C23E003EB79F /* DataPool */,
				550F21DC2B16C7EF004D5A51 /* DataBet */,
				556EBA602B16CB8F008D4ABD /* Session */,
				558C522D2B40A046004AF956 /* FirebaseAuth */,
			);
			productName = Tyche;
			productReference = D2127F352A2C2F240047DED7 /* Tyche.app */;
			productType = "com.apple.product-type.application";
		};
		D2127F492A2C2F270047DED7 /* TycheTests */ = {
			isa = PBXNativeTarget;
			buildConfigurationList = D2127F612A2C2F270047DED7 /* Build configuration list for PBXNativeTarget "TycheTests" */;
			buildPhases = (
				D2127F462A2C2F270047DED7 /* Sources */,
				D2127F472A2C2F270047DED7 /* Frameworks */,
				D2127F482A2C2F270047DED7 /* Resources */,
			);
			buildRules = (
			);
			dependencies = (
				D2127F4C2A2C2F270047DED7 /* PBXTargetDependency */,
			);
			name = TycheTests;
			productName = TycheTests;
			productReference = D2127F4A2A2C2F270047DED7 /* TycheTests.xctest */;
			productType = "com.apple.product-type.bundle.unit-test";
		};
		D2127F532A2C2F270047DED7 /* TycheUITests */ = {
			isa = PBXNativeTarget;
			buildConfigurationList = D2127F642A2C2F270047DED7 /* Build configuration list for PBXNativeTarget "TycheUITests" */;
			buildPhases = (
				D2127F502A2C2F270047DED7 /* Sources */,
				D2127F512A2C2F270047DED7 /* Frameworks */,
				D2127F522A2C2F270047DED7 /* Resources */,
			);
			buildRules = (
			);
			dependencies = (
				D2127F562A2C2F270047DED7 /* PBXTargetDependency */,
			);
			name = TycheUITests;
			productName = TycheUITests;
			productReference = D2127F542A2C2F270047DED7 /* TycheUITests.xctest */;
			productType = "com.apple.product-type.bundle.ui-testing";
		};
/* End PBXNativeTarget section */

/* Begin PBXProject section */
		D2127F2D2A2C2F240047DED7 /* Project object */ = {
			isa = PBXProject;
			attributes = {
				BuildIndependentTargetsInParallel = 1;
				LastSwiftUpdateCheck = 1430;
				LastUpgradeCheck = 1500;
				TargetAttributes = {
					D2127F342A2C2F240047DED7 = {
						CreatedOnToolsVersion = 14.3.1;
					};
					D2127F492A2C2F270047DED7 = {
						CreatedOnToolsVersion = 14.3.1;
						TestTargetID = D2127F342A2C2F240047DED7;
					};
					D2127F532A2C2F270047DED7 = {
						CreatedOnToolsVersion = 14.3.1;
						TestTargetID = D2127F342A2C2F240047DED7;
					};
				};
			};
			buildConfigurationList = D2127F302A2C2F240047DED7 /* Build configuration list for PBXProject "Tyche" */;
			compatibilityVersion = "Xcode 15.0";
			developmentRegion = en;
			hasScannedForEncodings = 0;
			knownRegions = (
				en,
				"es-CO",
				Base,
			);
			mainGroup = D2127F2C2A2C2F240047DED7;
			packageReferences = (
				558C522C2B40A046004AF956 /* XCRemoteSwiftPackageReference "firebase-ios-sdk" */,
			);
			productRefGroup = D2127F362A2C2F240047DED7 /* Products */;
			projectDirPath = "";
			projectRoot = "";
			targets = (
				D2127F342A2C2F240047DED7 /* Tyche */,
				D2127F492A2C2F270047DED7 /* TycheTests */,
				D2127F532A2C2F270047DED7 /* TycheUITests */,
			);
		};
/* End PBXProject section */

/* Begin PBXResourcesBuildPhase section */
		D2127F332A2C2F240047DED7 /* Resources */ = {
			isa = PBXResourcesBuildPhase;
			buildActionMask = 2147483647;
			files = (
				D2127F402A2C2F260047DED7 /* Preview Assets.xcassets in Resources */,
				557D1EAA2B40AD2B000FF9F9 /* GoogleService-Info.plist in Resources */,
				D2A7804D2AC8BB1A00F01A02 /* Localizable.xcstrings in Resources */,
				D2127F3D2A2C2F260047DED7 /* Assets.xcassets in Resources */,
			);
			runOnlyForDeploymentPostprocessing = 0;
		};
		D2127F482A2C2F270047DED7 /* Resources */ = {
			isa = PBXResourcesBuildPhase;
			buildActionMask = 2147483647;
			files = (
			);
			runOnlyForDeploymentPostprocessing = 0;
		};
		D2127F522A2C2F270047DED7 /* Resources */ = {
			isa = PBXResourcesBuildPhase;
			buildActionMask = 2147483647;
			files = (
			);
			runOnlyForDeploymentPostprocessing = 0;
		};
/* End PBXResourcesBuildPhase section */

/* Begin PBXSourcesBuildPhase section */
		D2127F312A2C2F240047DED7 /* Sources */ = {
			isa = PBXSourcesBuildPhase;
			buildActionMask = 2147483647;
			files = (
				D2DAB79A2A6DB7B400ED29AC /* PoolHomeRoute.swift in Sources */,
				55F9FDCA2B56EAD500066BBA /* EmailLinkSignInRouter.swift in Sources */,
				D2127F7A2A2C33920047DED7 /* MainView.swift in Sources */,
				55A869FC2B9000C80055B421 /* EmailSignInURLProcessor.swift in Sources */,
				D21495EE2ABFDDFD00C18C71 /* PoolHomeRouter.swift in Sources */,
				D2127F752A2C33210047DED7 /* StringResource.swift in Sources */,
				D2127F392A2C2F240047DED7 /* TycheApp.swift in Sources */,
				D21495EC2ABFD65E00C18C71 /* HomeRouter.swift in Sources */,
				D2127F452A2C2F260047DED7 /* Tyche.xcdatamodeld in Sources */,
				55C9D9032E2ACB14007B79CA /* JoinPoolURLProcessor.swift in Sources */,
			);
			runOnlyForDeploymentPostprocessing = 0;
		};
		D2127F462A2C2F270047DED7 /* Sources */ = {
			isa = PBXSourcesBuildPhase;
			buildActionMask = 2147483647;
			files = (
				D2127F4F2A2C2F270047DED7 /* TycheTests.swift in Sources */,
			);
			runOnlyForDeploymentPostprocessing = 0;
		};
		D2127F502A2C2F270047DED7 /* Sources */ = {
			isa = PBXSourcesBuildPhase;
			buildActionMask = 2147483647;
			files = (
				D2127F5B2A2C2F270047DED7 /* TycheUITestsLaunchTests.swift in Sources */,
				D2127F592A2C2F270047DED7 /* TycheUITests.swift in Sources */,
			);
			runOnlyForDeploymentPostprocessing = 0;
		};
/* End PBXSourcesBuildPhase section */

/* Begin PBXTargetDependency section */
		D2127F4C2A2C2F270047DED7 /* PBXTargetDependency */ = {
			isa = PBXTargetDependency;
			target = D2127F342A2C2F240047DED7 /* Tyche */;
			targetProxy = D2127F4B2A2C2F270047DED7 /* PBXContainerItemProxy */;
		};
		D2127F562A2C2F270047DED7 /* PBXTargetDependency */ = {
			isa = PBXTargetDependency;
			target = D2127F342A2C2F240047DED7 /* Tyche */;
			targetProxy = D2127F552A2C2F270047DED7 /* PBXContainerItemProxy */;
		};
/* End PBXTargetDependency section */

/* Begin XCBuildConfiguration section */
		D2127F5C2A2C2F270047DED7 /* Debug */ = {
			isa = XCBuildConfiguration;
			buildSettings = {
				ALWAYS_SEARCH_USER_PATHS = NO;
				ASSETCATALOG_COMPILER_GENERATE_ASSET_SYMBOLS = YES;
				ASSETCATALOG_COMPILER_GENERATE_SWIFT_ASSET_SYMBOL_EXTENSIONS = YES;
				CLANG_ANALYZER_LOCALIZABILITY_NONLOCALIZED = YES;
				CLANG_ANALYZER_NONNULL = YES;
				CLANG_ANALYZER_NUMBER_OBJECT_CONVERSION = YES_AGGRESSIVE;
				CLANG_CXX_LANGUAGE_STANDARD = "gnu++20";
				CLANG_ENABLE_MODULES = YES;
				CLANG_ENABLE_OBJC_ARC = YES;
				CLANG_ENABLE_OBJC_WEAK = YES;
				CLANG_WARN_BLOCK_CAPTURE_AUTORELEASING = YES;
				CLANG_WARN_BOOL_CONVERSION = YES;
				CLANG_WARN_COMMA = YES;
				CLANG_WARN_CONSTANT_CONVERSION = YES;
				CLANG_WARN_DEPRECATED_OBJC_IMPLEMENTATIONS = YES;
				CLANG_WARN_DIRECT_OBJC_ISA_USAGE = YES_ERROR;
				CLANG_WARN_DOCUMENTATION_COMMENTS = YES;
				CLANG_WARN_EMPTY_BODY = YES;
				CLANG_WARN_ENUM_CONVERSION = YES;
				CLANG_WARN_INFINITE_RECURSION = YES;
				CLANG_WARN_INT_CONVERSION = YES;
				CLANG_WARN_NON_LITERAL_NULL_CONVERSION = YES;
				CLANG_WARN_OBJC_IMPLICIT_RETAIN_SELF = YES;
				CLANG_WARN_OBJC_LITERAL_CONVERSION = YES;
				CLANG_WARN_OBJC_ROOT_CLASS = YES_ERROR;
				CLANG_WARN_QUOTED_INCLUDE_IN_FRAMEWORK_HEADER = YES;
				CLANG_WARN_RANGE_LOOP_ANALYSIS = YES;
				CLANG_WARN_STRICT_PROTOTYPES = YES;
				CLANG_WARN_SUSPICIOUS_MOVE = YES;
				CLANG_WARN_UNGUARDED_AVAILABILITY = YES_AGGRESSIVE;
				CLANG_WARN_UNREACHABLE_CODE = YES;
				CLANG_WARN__DUPLICATE_METHOD_MATCH = YES;
				COPY_PHASE_STRIP = NO;
				DEBUG_INFORMATION_FORMAT = dwarf;
				ENABLE_STRICT_OBJC_MSGSEND = YES;
				ENABLE_TESTABILITY = YES;
				ENABLE_USER_SCRIPT_SANDBOXING = YES;
				GCC_C_LANGUAGE_STANDARD = gnu11;
				GCC_DYNAMIC_NO_PIC = NO;
				GCC_NO_COMMON_BLOCKS = YES;
				GCC_OPTIMIZATION_LEVEL = 0;
				GCC_PREPROCESSOR_DEFINITIONS = (
					"DEBUG=1",
					"$(inherited)",
				);
				GCC_WARN_64_TO_32_BIT_CONVERSION = YES;
				GCC_WARN_ABOUT_RETURN_TYPE = YES_ERROR;
				GCC_WARN_UNDECLARED_SELECTOR = YES;
				GCC_WARN_UNINITIALIZED_AUTOS = YES_AGGRESSIVE;
				GCC_WARN_UNUSED_FUNCTION = YES;
				GCC_WARN_UNUSED_VARIABLE = YES;
				IPHONEOS_DEPLOYMENT_TARGET = 16.0;
				MTL_ENABLE_DEBUG_INFO = INCLUDE_SOURCE;
				MTL_FAST_MATH = YES;
				ONLY_ACTIVE_ARCH = YES;
				SDKROOT = iphoneos;
				SWIFT_ACTIVE_COMPILATION_CONDITIONS = DEBUG;
				SWIFT_OPTIMIZATION_LEVEL = "-Onone";
			};
			name = Debug;
		};
		D2127F5D2A2C2F270047DED7 /* Release */ = {
			isa = XCBuildConfiguration;
			buildSettings = {
				ALWAYS_SEARCH_USER_PATHS = NO;
				ASSETCATALOG_COMPILER_GENERATE_ASSET_SYMBOLS = YES;
				ASSETCATALOG_COMPILER_GENERATE_SWIFT_ASSET_SYMBOL_EXTENSIONS = YES;
				CLANG_ANALYZER_LOCALIZABILITY_NONLOCALIZED = YES;
				CLANG_ANALYZER_NONNULL = YES;
				CLANG_ANALYZER_NUMBER_OBJECT_CONVERSION = YES_AGGRESSIVE;
				CLANG_CXX_LANGUAGE_STANDARD = "gnu++20";
				CLANG_ENABLE_MODULES = YES;
				CLANG_ENABLE_OBJC_ARC = YES;
				CLANG_ENABLE_OBJC_WEAK = YES;
				CLANG_WARN_BLOCK_CAPTURE_AUTORELEASING = YES;
				CLANG_WARN_BOOL_CONVERSION = YES;
				CLANG_WARN_COMMA = YES;
				CLANG_WARN_CONSTANT_CONVERSION = YES;
				CLANG_WARN_DEPRECATED_OBJC_IMPLEMENTATIONS = YES;
				CLANG_WARN_DIRECT_OBJC_ISA_USAGE = YES_ERROR;
				CLANG_WARN_DOCUMENTATION_COMMENTS = YES;
				CLANG_WARN_EMPTY_BODY = YES;
				CLANG_WARN_ENUM_CONVERSION = YES;
				CLANG_WARN_INFINITE_RECURSION = YES;
				CLANG_WARN_INT_CONVERSION = YES;
				CLANG_WARN_NON_LITERAL_NULL_CONVERSION = YES;
				CLANG_WARN_OBJC_IMPLICIT_RETAIN_SELF = YES;
				CLANG_WARN_OBJC_LITERAL_CONVERSION = YES;
				CLANG_WARN_OBJC_ROOT_CLASS = YES_ERROR;
				CLANG_WARN_QUOTED_INCLUDE_IN_FRAMEWORK_HEADER = YES;
				CLANG_WARN_RANGE_LOOP_ANALYSIS = YES;
				CLANG_WARN_STRICT_PROTOTYPES = YES;
				CLANG_WARN_SUSPICIOUS_MOVE = YES;
				CLANG_WARN_UNGUARDED_AVAILABILITY = YES_AGGRESSIVE;
				CLANG_WARN_UNREACHABLE_CODE = YES;
				CLANG_WARN__DUPLICATE_METHOD_MATCH = YES;
				COPY_PHASE_STRIP = NO;
				DEBUG_INFORMATION_FORMAT = "dwarf-with-dsym";
				ENABLE_NS_ASSERTIONS = NO;
				ENABLE_STRICT_OBJC_MSGSEND = YES;
				ENABLE_USER_SCRIPT_SANDBOXING = YES;
				GCC_C_LANGUAGE_STANDARD = gnu11;
				GCC_NO_COMMON_BLOCKS = YES;
				GCC_WARN_64_TO_32_BIT_CONVERSION = YES;
				GCC_WARN_ABOUT_RETURN_TYPE = YES_ERROR;
				GCC_WARN_UNDECLARED_SELECTOR = YES;
				GCC_WARN_UNINITIALIZED_AUTOS = YES_AGGRESSIVE;
				GCC_WARN_UNUSED_FUNCTION = YES;
				GCC_WARN_UNUSED_VARIABLE = YES;
				IPHONEOS_DEPLOYMENT_TARGET = 16.0;
				MTL_ENABLE_DEBUG_INFO = NO;
				MTL_FAST_MATH = YES;
				SDKROOT = iphoneos;
				SWIFT_COMPILATION_MODE = wholemodule;
				SWIFT_OPTIMIZATION_LEVEL = "-O";
				VALIDATE_PRODUCT = YES;
			};
			name = Release;
		};
		D2127F5F2A2C2F270047DED7 /* Debug */ = {
			isa = XCBuildConfiguration;
			buildSettings = {
				ASSETCATALOG_COMPILER_APPICON_NAME = AppIcon;
				ASSETCATALOG_COMPILER_GLOBAL_ACCENT_COLOR_NAME = AccentColor;
				CODE_SIGN_ENTITLEMENTS = Tyche/Tyche.entitlements;
				CODE_SIGN_STYLE = Automatic;
				CURRENT_PROJECT_VERSION = 1;
				DEVELOPMENT_ASSET_PATHS = "\"Tyche/Preview Content\"";
				DEVELOPMENT_TEAM = H7N4H27ULJ;
				ENABLE_PREVIEWS = YES;
				GENERATE_INFOPLIST_FILE = YES;
				INFOPLIST_FILE = Tyche/Info.plist;
				INFOPLIST_KEY_UIApplicationSceneManifest_Generation = YES;
				INFOPLIST_KEY_UIApplicationSupportsIndirectInputEvents = YES;
				INFOPLIST_KEY_UILaunchScreen_Generation = YES;
				INFOPLIST_KEY_UISupportedInterfaceOrientations_iPad = "UIInterfaceOrientationPortrait UIInterfaceOrientationPortraitUpsideDown UIInterfaceOrientationLandscapeLeft UIInterfaceOrientationLandscapeRight";
				INFOPLIST_KEY_UISupportedInterfaceOrientations_iPhone = "UIInterfaceOrientationPortrait UIInterfaceOrientationLandscapeLeft UIInterfaceOrientationLandscapeRight";
				IPHONEOS_DEPLOYMENT_TARGET = 16.0;
				LD_RUNPATH_SEARCH_PATHS = (
					"$(inherited)",
					"@executable_path/Frameworks",
				);
				MARKETING_VERSION = 1.0;
				PRODUCT_BUNDLE_IDENTIFIER = com.felipearpa.tyche;
				PRODUCT_NAME = "$(TARGET_NAME)";
				SWIFT_EMIT_LOC_STRINGS = YES;
				SWIFT_VERSION = 5.0;
				TARGETED_DEVICE_FAMILY = "1,2";
			};
			name = Debug;
		};
		D2127F602A2C2F270047DED7 /* Release */ = {
			isa = XCBuildConfiguration;
			buildSettings = {
				ASSETCATALOG_COMPILER_APPICON_NAME = AppIcon;
				ASSETCATALOG_COMPILER_GLOBAL_ACCENT_COLOR_NAME = AccentColor;
				CODE_SIGN_ENTITLEMENTS = Tyche/Tyche.entitlements;
				CODE_SIGN_STYLE = Automatic;
				CURRENT_PROJECT_VERSION = 1;
				DEVELOPMENT_ASSET_PATHS = "\"Tyche/Preview Content\"";
				DEVELOPMENT_TEAM = H7N4H27ULJ;
				ENABLE_PREVIEWS = YES;
				GENERATE_INFOPLIST_FILE = YES;
				INFOPLIST_FILE = Tyche/Info.plist;
				INFOPLIST_KEY_UIApplicationSceneManifest_Generation = YES;
				INFOPLIST_KEY_UIApplicationSupportsIndirectInputEvents = YES;
				INFOPLIST_KEY_UILaunchScreen_Generation = YES;
				INFOPLIST_KEY_UISupportedInterfaceOrientations_iPad = "UIInterfaceOrientationPortrait UIInterfaceOrientationPortraitUpsideDown UIInterfaceOrientationLandscapeLeft UIInterfaceOrientationLandscapeRight";
				INFOPLIST_KEY_UISupportedInterfaceOrientations_iPhone = "UIInterfaceOrientationPortrait UIInterfaceOrientationLandscapeLeft UIInterfaceOrientationLandscapeRight";
				IPHONEOS_DEPLOYMENT_TARGET = 16.0;
				LD_RUNPATH_SEARCH_PATHS = (
					"$(inherited)",
					"@executable_path/Frameworks",
				);
				MARKETING_VERSION = 1.0;
				PRODUCT_BUNDLE_IDENTIFIER = com.felipearpa.tyche;
				PRODUCT_NAME = "$(TARGET_NAME)";
				SWIFT_EMIT_LOC_STRINGS = YES;
				SWIFT_VERSION = 5.0;
				TARGETED_DEVICE_FAMILY = "1,2";
			};
			name = Release;
		};
		D2127F622A2C2F270047DED7 /* Debug */ = {
			isa = XCBuildConfiguration;
			buildSettings = {
				ALWAYS_EMBED_SWIFT_STANDARD_LIBRARIES = YES;
				BUNDLE_LOADER = "$(TEST_HOST)";
				CODE_SIGN_STYLE = Automatic;
				CURRENT_PROJECT_VERSION = 1;
				DEVELOPMENT_TEAM = H7N4H27ULJ;
				GENERATE_INFOPLIST_FILE = YES;
				IPHONEOS_DEPLOYMENT_TARGET = 16.0;
				MARKETING_VERSION = 1.0;
				PRODUCT_BUNDLE_IDENTIFIER = com.felipearpa.TycheTests;
				PRODUCT_NAME = "$(TARGET_NAME)";
				SWIFT_EMIT_LOC_STRINGS = NO;
				SWIFT_VERSION = 5.0;
				TARGETED_DEVICE_FAMILY = "1,2";
				TEST_HOST = "$(BUILT_PRODUCTS_DIR)/Tyche.app/$(BUNDLE_EXECUTABLE_FOLDER_PATH)/Tyche";
			};
			name = Debug;
		};
		D2127F632A2C2F270047DED7 /* Release */ = {
			isa = XCBuildConfiguration;
			buildSettings = {
				ALWAYS_EMBED_SWIFT_STANDARD_LIBRARIES = YES;
				BUNDLE_LOADER = "$(TEST_HOST)";
				CODE_SIGN_STYLE = Automatic;
				CURRENT_PROJECT_VERSION = 1;
				DEVELOPMENT_TEAM = H7N4H27ULJ;
				GENERATE_INFOPLIST_FILE = YES;
				IPHONEOS_DEPLOYMENT_TARGET = 16.0;
				MARKETING_VERSION = 1.0;
				PRODUCT_BUNDLE_IDENTIFIER = com.felipearpa.TycheTests;
				PRODUCT_NAME = "$(TARGET_NAME)";
				SWIFT_EMIT_LOC_STRINGS = NO;
				SWIFT_VERSION = 5.0;
				TARGETED_DEVICE_FAMILY = "1,2";
				TEST_HOST = "$(BUILT_PRODUCTS_DIR)/Tyche.app/$(BUNDLE_EXECUTABLE_FOLDER_PATH)/Tyche";
			};
			name = Release;
		};
		D2127F652A2C2F270047DED7 /* Debug */ = {
			isa = XCBuildConfiguration;
			buildSettings = {
				ALWAYS_EMBED_SWIFT_STANDARD_LIBRARIES = YES;
				CODE_SIGN_STYLE = Automatic;
				CURRENT_PROJECT_VERSION = 1;
				DEVELOPMENT_TEAM = H7N4H27ULJ;
				GENERATE_INFOPLIST_FILE = YES;
				MARKETING_VERSION = 1.0;
				PRODUCT_BUNDLE_IDENTIFIER = com.felipearpa.TycheUITests;
				PRODUCT_NAME = "$(TARGET_NAME)";
				SWIFT_EMIT_LOC_STRINGS = NO;
				SWIFT_VERSION = 5.0;
				TARGETED_DEVICE_FAMILY = "1,2";
				TEST_TARGET_NAME = Tyche;
			};
			name = Debug;
		};
		D2127F662A2C2F270047DED7 /* Release */ = {
			isa = XCBuildConfiguration;
			buildSettings = {
				ALWAYS_EMBED_SWIFT_STANDARD_LIBRARIES = YES;
				CODE_SIGN_STYLE = Automatic;
				CURRENT_PROJECT_VERSION = 1;
				DEVELOPMENT_TEAM = H7N4H27ULJ;
				GENERATE_INFOPLIST_FILE = YES;
				MARKETING_VERSION = 1.0;
				PRODUCT_BUNDLE_IDENTIFIER = com.felipearpa.TycheUITests;
				PRODUCT_NAME = "$(TARGET_NAME)";
				SWIFT_EMIT_LOC_STRINGS = NO;
				SWIFT_VERSION = 5.0;
				TARGETED_DEVICE_FAMILY = "1,2";
				TEST_TARGET_NAME = Tyche;
			};
			name = Release;
		};
/* End XCBuildConfiguration section */

/* Begin XCConfigurationList section */
		D2127F302A2C2F240047DED7 /* Build configuration list for PBXProject "Tyche" */ = {
			isa = XCConfigurationList;
			buildConfigurations = (
				D2127F5C2A2C2F270047DED7 /* Debug */,
				D2127F5D2A2C2F270047DED7 /* Release */,
			);
			defaultConfigurationIsVisible = 0;
			defaultConfigurationName = Release;
		};
		D2127F5E2A2C2F270047DED7 /* Build configuration list for PBXNativeTarget "Tyche" */ = {
			isa = XCConfigurationList;
			buildConfigurations = (
				D2127F5F2A2C2F270047DED7 /* Debug */,
				D2127F602A2C2F270047DED7 /* Release */,
			);
			defaultConfigurationIsVisible = 0;
			defaultConfigurationName = Release;
		};
		D2127F612A2C2F270047DED7 /* Build configuration list for PBXNativeTarget "TycheTests" */ = {
			isa = XCConfigurationList;
			buildConfigurations = (
				D2127F622A2C2F270047DED7 /* Debug */,
				D2127F632A2C2F270047DED7 /* Release */,
			);
			defaultConfigurationIsVisible = 0;
			defaultConfigurationName = Release;
		};
		D2127F642A2C2F270047DED7 /* Build configuration list for PBXNativeTarget "TycheUITests" */ = {
			isa = XCConfigurationList;
			buildConfigurations = (
				D2127F652A2C2F270047DED7 /* Debug */,
				D2127F662A2C2F270047DED7 /* Release */,
			);
			defaultConfigurationIsVisible = 0;
			defaultConfigurationName = Release;
		};
/* End XCConfigurationList section */

/* Begin XCRemoteSwiftPackageReference section */
		558C522C2B40A046004AF956 /* XCRemoteSwiftPackageReference "firebase-ios-sdk" */ = {
			isa = XCRemoteSwiftPackageReference;
			repositoryURL = "https://github.com/firebase/firebase-ios-sdk";
			requirement = {
				kind = exactVersion;
				version = 12.0.0;
			};
		};
/* End XCRemoteSwiftPackageReference section */

/* Begin XCSwiftPackageProductDependency section */
		550F21DC2B16C7EF004D5A51 /* DataBet */ = {
			isa = XCSwiftPackageProductDependency;
			productName = DataBet;
		};
		556EBA602B16CB8F008D4ABD /* Session */ = {
			isa = XCSwiftPackageProductDependency;
			productName = Session;
		};
		558C522D2B40A046004AF956 /* FirebaseAuth */ = {
			isa = XCSwiftPackageProductDependency;
			package = 558C522C2B40A046004AF956 /* XCRemoteSwiftPackageReference "firebase-ios-sdk" */;
			productName = FirebaseAuth;
		};
		55905C312B168C9F003EB79F /* Account */ = {
			isa = XCSwiftPackageProductDependency;
			productName = Account;
		};
		55905C352B16C23E003EB79F /* DataPool */ = {
			isa = XCSwiftPackageProductDependency;
			productName = DataPool;
		};
		D29956122A74215600F8878E /* Bet */ = {
			isa = XCSwiftPackageProductDependency;
			productName = Bet;
		};
		D2BB75102A5B65D500C7AE04 /* Pool */ = {
			isa = XCSwiftPackageProductDependency;
			productName = Pool;
		};
		D2C23D602A3E428D003CC860 /* UI */ = {
			isa = XCSwiftPackageProductDependency;
			productName = UI;
		};
		D2C23D622A3E4290003CC860 /* Core */ = {
			isa = XCSwiftPackageProductDependency;
			productName = Core;
		};
/* End XCSwiftPackageProductDependency section */

/* Begin XCVersionGroup section */
		D2127F432A2C2F260047DED7 /* Tyche.xcdatamodeld */ = {
			isa = XCVersionGroup;
			children = (
				D2127F442A2C2F260047DED7 /* Tyche.xcdatamodel */,
			);
			currentVersion = D2127F442A2C2F260047DED7 /* Tyche.xcdatamodel */;
			path = Tyche.xcdatamodeld;
			sourceTree = "<group>";
			versionGroupType = wrapper.xcdatamodel;
		};
/* End XCVersionGroup section */
	};
	rootObject = D2127F2D2A2C2F240047DED7 /* Project object */;
}
