
Microsoft Visual Studio Solution File, Format Version 12.00
Project("{F2A71F9B-5D33-465A-A702-920D77279786}") = "Felipearpa.Tyche.Pool", "Felipearpa.Tyche.Pool\Felipearpa.Tyche.Pool.fsproj", "{BC61E77D-4F1A-479D-81B2-AA23820E47B9}"
EndProject
Project("{F2A71F9B-5D33-465A-A702-920D77279786}") = "Felipearpa.Data", "..\Felipearpa.Data\Felipearpa.Data\Felipearpa.Data.fsproj", "{4BB06DF5-E601-494A-B466-2D37A7CF72F7}"
EndProject
Project("{F2A71F9B-5D33-465A-A702-920D77279786}") = "Felipearpa.Data.Test", "..\Felipearpa.Data\Felipearpa.Data.Test\Felipearpa.Data.Test.fsproj", "{43A44B52-751E-40DD-A181-DFEE269429F0}"
EndProject
Project("{F2A71F9B-5D33-465A-A702-920D77279786}") = "Felipearpa.Type", "..\Felipearpa.Type\Felipearpa.Type\Felipearpa.Type.fsproj", "{FD26ABFE-0872-4B1F-B673-F3DBD5107DE6}"
EndProject
Project("{F2A71F9B-5D33-465A-A702-920D77279786}") = "Felipearpa.Type.Test", "..\Felipearpa.Type\Felipearpa.Type.Test\Felipearpa.Type.Test.fsproj", "{2AF42590-6CB6-4E97-985B-BC45C7CEDAE5}"
EndProject
Project("{F2A71F9B-5D33-465A-A702-920D77279786}") = "Felipearpa.Core", "..\Felipearpa.Core\Felipearpa.Core\Felipearpa.Core.fsproj", "{D58487D3-CFF0-4B6A-8AE0-C2DD29C38C79}"
EndProject
Project("{F2A71F9B-5D33-465A-A702-920D77279786}") = "Felipearpa.Core.Test", "..\Felipearpa.Core\Felipearpa.Core.Test\Felipearpa.Core.Test.fsproj", "{A81623B2-8B6F-4B4A-800C-CAB2F31D0B7A}"
EndProject
Project("{F2A71F9B-5D33-465A-A702-920D77279786}") = "Felipearpa.Data.DynamoDb", "..\Felipearpa.Data.DynamoDb\Felipearpa.Data.DynamoDb\Felipearpa.Data.DynamoDb.fsproj", "{48FE48FC-CE7C-4D64-B0C2-9B940E80F934}"
EndProject
Project("{F2A71F9B-5D33-465A-A702-920D77279786}") = "Felipearpa.Data.DynamoDb.Test", "..\Felipearpa.Data.DynamoDb\Felipearpa.Data.DynamoDb.Test\Felipearpa.Data.DynamoDb.Test.fsproj", "{29437400-A2B3-4081-A05A-D40E43225F56}"
EndProject
Project("{F2A71F9B-5D33-465A-A702-920D77279786}") = "Felipearpa.Tyche.Pool.Test", "Felipearpa.Tyche.Pool.Test\Felipearpa.Tyche.Pool.Test.fsproj", "{F17351CB-A36B-477B-830E-B3E5DF64C0BC}"
EndProject
Global
	GlobalSection(SolutionConfigurationPlatforms) = preSolution
		Debug|Any CPU = Debug|Any CPU
		Release|Any CPU = Release|Any CPU
	EndGlobalSection
	GlobalSection(ProjectConfigurationPlatforms) = postSolution
		{BC61E77D-4F1A-479D-81B2-AA23820E47B9}.Debug|Any CPU.ActiveCfg = Debug|Any CPU
		{BC61E77D-4F1A-479D-81B2-AA23820E47B9}.Debug|Any CPU.Build.0 = Debug|Any CPU
		{BC61E77D-4F1A-479D-81B2-AA23820E47B9}.Release|Any CPU.ActiveCfg = Release|Any CPU
		{BC61E77D-4F1A-479D-81B2-AA23820E47B9}.Release|Any CPU.Build.0 = Release|Any CPU
		{4BB06DF5-E601-494A-B466-2D37A7CF72F7}.Debug|Any CPU.ActiveCfg = Debug|Any CPU
		{4BB06DF5-E601-494A-B466-2D37A7CF72F7}.Debug|Any CPU.Build.0 = Debug|Any CPU
		{4BB06DF5-E601-494A-B466-2D37A7CF72F7}.Release|Any CPU.ActiveCfg = Release|Any CPU
		{4BB06DF5-E601-494A-B466-2D37A7CF72F7}.Release|Any CPU.Build.0 = Release|Any CPU
		{43A44B52-751E-40DD-A181-DFEE269429F0}.Debug|Any CPU.ActiveCfg = Debug|Any CPU
		{43A44B52-751E-40DD-A181-DFEE269429F0}.Debug|Any CPU.Build.0 = Debug|Any CPU
		{43A44B52-751E-40DD-A181-DFEE269429F0}.Release|Any CPU.ActiveCfg = Release|Any CPU
		{43A44B52-751E-40DD-A181-DFEE269429F0}.Release|Any CPU.Build.0 = Release|Any CPU
		{FD26ABFE-0872-4B1F-B673-F3DBD5107DE6}.Debug|Any CPU.ActiveCfg = Debug|Any CPU
		{FD26ABFE-0872-4B1F-B673-F3DBD5107DE6}.Debug|Any CPU.Build.0 = Debug|Any CPU
		{FD26ABFE-0872-4B1F-B673-F3DBD5107DE6}.Release|Any CPU.ActiveCfg = Release|Any CPU
		{FD26ABFE-0872-4B1F-B673-F3DBD5107DE6}.Release|Any CPU.Build.0 = Release|Any CPU
		{2AF42590-6CB6-4E97-985B-BC45C7CEDAE5}.Debug|Any CPU.ActiveCfg = Debug|Any CPU
		{2AF42590-6CB6-4E97-985B-BC45C7CEDAE5}.Debug|Any CPU.Build.0 = Debug|Any CPU
		{2AF42590-6CB6-4E97-985B-BC45C7CEDAE5}.Release|Any CPU.ActiveCfg = Release|Any CPU
		{2AF42590-6CB6-4E97-985B-BC45C7CEDAE5}.Release|Any CPU.Build.0 = Release|Any CPU
		{D58487D3-CFF0-4B6A-8AE0-C2DD29C38C79}.Debug|Any CPU.ActiveCfg = Debug|Any CPU
		{D58487D3-CFF0-4B6A-8AE0-C2DD29C38C79}.Debug|Any CPU.Build.0 = Debug|Any CPU
		{D58487D3-CFF0-4B6A-8AE0-C2DD29C38C79}.Release|Any CPU.ActiveCfg = Release|Any CPU
		{D58487D3-CFF0-4B6A-8AE0-C2DD29C38C79}.Release|Any CPU.Build.0 = Release|Any CPU
		{A81623B2-8B6F-4B4A-800C-CAB2F31D0B7A}.Debug|Any CPU.ActiveCfg = Debug|Any CPU
		{A81623B2-8B6F-4B4A-800C-CAB2F31D0B7A}.Debug|Any CPU.Build.0 = Debug|Any CPU
		{A81623B2-8B6F-4B4A-800C-CAB2F31D0B7A}.Release|Any CPU.ActiveCfg = Release|Any CPU
		{A81623B2-8B6F-4B4A-800C-CAB2F31D0B7A}.Release|Any CPU.Build.0 = Release|Any CPU
		{48FE48FC-CE7C-4D64-B0C2-9B940E80F934}.Debug|Any CPU.ActiveCfg = Debug|Any CPU
		{48FE48FC-CE7C-4D64-B0C2-9B940E80F934}.Debug|Any CPU.Build.0 = Debug|Any CPU
		{48FE48FC-CE7C-4D64-B0C2-9B940E80F934}.Release|Any CPU.ActiveCfg = Release|Any CPU
		{48FE48FC-CE7C-4D64-B0C2-9B940E80F934}.Release|Any CPU.Build.0 = Release|Any CPU
		{29437400-A2B3-4081-A05A-D40E43225F56}.Debug|Any CPU.ActiveCfg = Debug|Any CPU
		{29437400-A2B3-4081-A05A-D40E43225F56}.Debug|Any CPU.Build.0 = Debug|Any CPU
		{29437400-A2B3-4081-A05A-D40E43225F56}.Release|Any CPU.ActiveCfg = Release|Any CPU
		{29437400-A2B3-4081-A05A-D40E43225F56}.Release|Any CPU.Build.0 = Release|Any CPU
		{F17351CB-A36B-477B-830E-B3E5DF64C0BC}.Debug|Any CPU.ActiveCfg = Debug|Any CPU
		{F17351CB-A36B-477B-830E-B3E5DF64C0BC}.Debug|Any CPU.Build.0 = Debug|Any CPU
		{F17351CB-A36B-477B-830E-B3E5DF64C0BC}.Release|Any CPU.ActiveCfg = Release|Any CPU
		{F17351CB-A36B-477B-830E-B3E5DF64C0BC}.Release|Any CPU.Build.0 = Release|Any CPU
	EndGlobalSection
EndGlobal
