
Microsoft Visual Studio Solution File, Format Version 12.00
Project("{F2A71F9B-5D33-465A-A702-920D77279786}") = "Felipearpa.Type", "Felipearpa.Type\Felipearpa.Type.fsproj", "{DD62BF83-7BEE-45F5-9553-EA60283861B9}"
EndProject
Project("{F2A71F9B-5D33-465A-A702-920D77279786}") = "Felipearpa.Type.Test", "Felipearpa.Type.Test\Felipearpa.Type.Test.fsproj", "{87AE7480-9B69-427C-B002-7A21DCEB78DB}"
EndProject
Global
	GlobalSection(SolutionConfigurationPlatforms) = preSolution
		Debug|Any CPU = Debug|Any CPU
		Release|Any CPU = Release|Any CPU
	EndGlobalSection
	GlobalSection(ProjectConfigurationPlatforms) = postSolution
		{DD62BF83-7BEE-45F5-9553-EA60283861B9}.Debug|Any CPU.ActiveCfg = Debug|Any CPU
		{DD62BF83-7BEE-45F5-9553-EA60283861B9}.Debug|Any CPU.Build.0 = Debug|Any CPU
		{DD62BF83-7BEE-45F5-9553-EA60283861B9}.Release|Any CPU.ActiveCfg = Release|Any CPU
		{DD62BF83-7BEE-45F5-9553-EA60283861B9}.Release|Any CPU.Build.0 = Release|Any CPU
		{87AE7480-9B69-427C-B002-7A21DCEB78DB}.Debug|Any CPU.ActiveCfg = Debug|Any CPU
		{87AE7480-9B69-427C-B002-7A21DCEB78DB}.Debug|Any CPU.Build.0 = Debug|Any CPU
		{87AE7480-9B69-427C-B002-7A21DCEB78DB}.Release|Any CPU.ActiveCfg = Release|Any CPU
		{87AE7480-9B69-427C-B002-7A21DCEB78DB}.Release|Any CPU.Build.0 = Release|Any CPU
	EndGlobalSection
EndGlobal
