
Microsoft Visual Studio Solution File, Format Version 12.00
Project("{F2A71F9B-5D33-465A-A702-920D77279786}") = "Felipearpa.Tyche.Function", "Felipearpa.Tyche.Function\src\Felipearpa.Tyche.Function.fsproj", "{4ED3ED33-38BD-44A9-9A84-071172BAFB8C}"
EndProject
Project("{F2A71F9B-5D33-465A-A702-920D77279786}") = "Felipearpa.Type", "Felipearpa.Type\src\Felipearpa.Type.fsproj", "{166B046E-568A-477A-AC12-BAFF038236DF}"
EndProject
Project("{F2A71F9B-5D33-465A-A702-920D77279786}") = "Felipearpa.Type.Test", "Felipearpa.Type\test\Felipearpa.Type.Test.fsproj", "{54A0C9ED-C80F-4E3F-BAA2-5424C8C4E66A}"
EndProject
Project("{F2A71F9B-5D33-465A-A702-920D77279786}") = "Felipearpa.Core", "Felipearpa.Core\src\Felipearpa.Core.fsproj", "{AA38D6D4-C5EB-4A08-86B4-CDF747785837}"
EndProject
Project("{F2A71F9B-5D33-465A-A702-920D77279786}") = "Felipearpa.Core.Test", "Felipearpa.Core\test\Felipearpa.Core.Test.fsproj", "{F2D2C8EF-C489-41CE-8BCD-EE2ADED040A6}"
EndProject
Project("{F2A71F9B-5D33-465A-A702-920D77279786}") = "Felipearpa.Tyche.Pool.Test", "Felipearpa.Tyche.Pool\test\Felipearpa.Tyche.Pool.Test.fsproj", "{0D7BF808-ACDC-430F-BD7C-19BC1FBE2986}"
EndProject
Project("{F2A71F9B-5D33-465A-A702-920D77279786}") = "Felipearpa.Tyche.Pool", "Felipearpa.Tyche.Pool\src\Felipearpa.Tyche.Pool.fsproj", "{E30A3528-2395-4021-BE87-C3BD16132030}"
EndProject
Project("{F2A71F9B-5D33-465A-A702-920D77279786}") = "Felipearpa.Data.DynamoDb", "Felipearpa.Data.DynamoDb\src\Felipearpa.Data.DynamoDb.fsproj", "{358F6391-8B47-4927-B4F4-B60473F94D12}"
EndProject
Project("{F2A71F9B-5D33-465A-A702-920D77279786}") = "Felipearpa.Data.DynamoDb.Test", "Felipearpa.Data.DynamoDb\test\Felipearpa.Data.DynamoDb.Test.fsproj", "{0075E017-5AB9-428A-8974-FFF61E254B84}"
EndProject
Project("{F2A71F9B-5D33-465A-A702-920D77279786}") = "Felipearpa.Tyche.Function.Test", "Felipearpa.Tyche.Function\test\Felipearpa.Tyche.Function.Test.fsproj", "{5ED600FE-BE7C-4001-81C4-8D2A439542E8}"
EndProject
Project("{F2A71F9B-5D33-465A-A702-920D77279786}") = "Felipearpa.Crypto", "Felipearpa.Crypto\src\Felipearpa.Crypto.fsproj", "{648EB092-E058-4D70-9080-A1DCF0387825}"
EndProject
Project("{F2A71F9B-5D33-465A-A702-920D77279786}") = "Felipearpa.Tyche.Account", "Felipearpa.Tyche.Account\src\Felipearpa.Tyche.Account.fsproj", "{2CFB51AD-6651-45F3-876E-B768519A0E4E}"
EndProject
Project("{F2A71F9B-5D33-465A-A702-920D77279786}") = "Felipearpa.Tyche.PoolLayout", "Felipearpa.Tyche.PoolLayout\src\Felipearpa.Tyche.PoolLayout.fsproj", "{89926990-77A5-40B7-8E46-ED0B33D9B36D}"
EndProject
Project("{F2A71F9B-5D33-465A-A702-920D77279786}") = "Felipearpa.Tyche.PoolLayout.Test", "Felipearpa.Tyche.PoolLayout\test\Felipearpa.Tyche.PoolLayout.Test.fsproj", "{A6327BF4-984D-44EE-94AB-9532D0E938DC}"
EndProject
Project("{F2A71F9B-5D33-465A-A702-920D77279786}") = "Felipearpa.Tyche.AmazonLambda.Tests", "Felipearpa.Tyche.AmazonLambda\test\Felipearpa.Tyche.AmazonLambda.Tests.fsproj", "{A42C792F-F40C-4647-8022-7294895CE175}"
EndProject
Project("{F2A71F9B-5D33-465A-A702-920D77279786}") = "Felipearpa.Tyche.AmazonLambda", "Felipearpa.Tyche.AmazonLambda\src\Felipearpa.Tyche.AmazonLambda.fsproj", "{803B81B9-594A-4EA2-A997-AB41C3136AC0}"
EndProject
Project("{F2A71F9B-5D33-465A-A702-920D77279786}") = "Felipearpa.Crypto.Test", "Felipearpa.Crypto\test\Felipearpa.Crypto.Test.fsproj", "{4A0D5C1E-96EA-4D7E-906B-258EB58B84EA}"
EndProject
Project("{F2A71F9B-5D33-465A-A702-920D77279786}") = "Felipearpa.Tyche.Account.Test", "Felipearpa.Tyche.Account\test\Felipearpa.Tyche.Account.Test.fsproj", "{818E3BD8-55A4-47C8-B1A5-C4140A933DDB}"
EndProject
Project("{F2A71F9B-5D33-465A-A702-920D77279786}") = "Felipearpa.Tyche.HttpApi", "Felipearpa.Tyche.HttpApi\src\Felipearpa.Tyche.HttpApi.fsproj", "{12F2C2B6-A0A1-40FB-B886-0F2560417C90}"
EndProject
Global
	GlobalSection(SolutionConfigurationPlatforms) = preSolution
		Debug|Any CPU = Debug|Any CPU
		Release|Any CPU = Release|Any CPU
	EndGlobalSection
	GlobalSection(ProjectConfigurationPlatforms) = postSolution
		{4ED3ED33-38BD-44A9-9A84-071172BAFB8C}.Debug|Any CPU.ActiveCfg = Debug|Any CPU
		{4ED3ED33-38BD-44A9-9A84-071172BAFB8C}.Debug|Any CPU.Build.0 = Debug|Any CPU
		{4ED3ED33-38BD-44A9-9A84-071172BAFB8C}.Release|Any CPU.ActiveCfg = Release|Any CPU
		{4ED3ED33-38BD-44A9-9A84-071172BAFB8C}.Release|Any CPU.Build.0 = Release|Any CPU
		{166B046E-568A-477A-AC12-BAFF038236DF}.Debug|Any CPU.ActiveCfg = Debug|Any CPU
		{166B046E-568A-477A-AC12-BAFF038236DF}.Debug|Any CPU.Build.0 = Debug|Any CPU
		{166B046E-568A-477A-AC12-BAFF038236DF}.Release|Any CPU.ActiveCfg = Release|Any CPU
		{166B046E-568A-477A-AC12-BAFF038236DF}.Release|Any CPU.Build.0 = Release|Any CPU
		{54A0C9ED-C80F-4E3F-BAA2-5424C8C4E66A}.Debug|Any CPU.ActiveCfg = Debug|Any CPU
		{54A0C9ED-C80F-4E3F-BAA2-5424C8C4E66A}.Debug|Any CPU.Build.0 = Debug|Any CPU
		{54A0C9ED-C80F-4E3F-BAA2-5424C8C4E66A}.Release|Any CPU.ActiveCfg = Release|Any CPU
		{54A0C9ED-C80F-4E3F-BAA2-5424C8C4E66A}.Release|Any CPU.Build.0 = Release|Any CPU
		{AA38D6D4-C5EB-4A08-86B4-CDF747785837}.Debug|Any CPU.ActiveCfg = Debug|Any CPU
		{AA38D6D4-C5EB-4A08-86B4-CDF747785837}.Debug|Any CPU.Build.0 = Debug|Any CPU
		{AA38D6D4-C5EB-4A08-86B4-CDF747785837}.Release|Any CPU.ActiveCfg = Release|Any CPU
		{AA38D6D4-C5EB-4A08-86B4-CDF747785837}.Release|Any CPU.Build.0 = Release|Any CPU
		{F2D2C8EF-C489-41CE-8BCD-EE2ADED040A6}.Debug|Any CPU.ActiveCfg = Debug|Any CPU
		{F2D2C8EF-C489-41CE-8BCD-EE2ADED040A6}.Debug|Any CPU.Build.0 = Debug|Any CPU
		{F2D2C8EF-C489-41CE-8BCD-EE2ADED040A6}.Release|Any CPU.ActiveCfg = Release|Any CPU
		{F2D2C8EF-C489-41CE-8BCD-EE2ADED040A6}.Release|Any CPU.Build.0 = Release|Any CPU
		{E7008D8A-7618-4390-9C2F-B7E5F5255D8A}.Debug|Any CPU.ActiveCfg = Debug|Any CPU
		{E7008D8A-7618-4390-9C2F-B7E5F5255D8A}.Debug|Any CPU.Build.0 = Debug|Any CPU
		{E7008D8A-7618-4390-9C2F-B7E5F5255D8A}.Release|Any CPU.ActiveCfg = Release|Any CPU
		{E7008D8A-7618-4390-9C2F-B7E5F5255D8A}.Release|Any CPU.Build.0 = Release|Any CPU
		{0D7BF808-ACDC-430F-BD7C-19BC1FBE2986}.Debug|Any CPU.ActiveCfg = Debug|Any CPU
		{0D7BF808-ACDC-430F-BD7C-19BC1FBE2986}.Debug|Any CPU.Build.0 = Debug|Any CPU
		{0D7BF808-ACDC-430F-BD7C-19BC1FBE2986}.Release|Any CPU.ActiveCfg = Release|Any CPU
		{0D7BF808-ACDC-430F-BD7C-19BC1FBE2986}.Release|Any CPU.Build.0 = Release|Any CPU
		{E30A3528-2395-4021-BE87-C3BD16132030}.Debug|Any CPU.ActiveCfg = Debug|Any CPU
		{E30A3528-2395-4021-BE87-C3BD16132030}.Debug|Any CPU.Build.0 = Debug|Any CPU
		{E30A3528-2395-4021-BE87-C3BD16132030}.Release|Any CPU.ActiveCfg = Release|Any CPU
		{E30A3528-2395-4021-BE87-C3BD16132030}.Release|Any CPU.Build.0 = Release|Any CPU
		{358F6391-8B47-4927-B4F4-B60473F94D12}.Debug|Any CPU.ActiveCfg = Debug|Any CPU
		{358F6391-8B47-4927-B4F4-B60473F94D12}.Debug|Any CPU.Build.0 = Debug|Any CPU
		{358F6391-8B47-4927-B4F4-B60473F94D12}.Release|Any CPU.ActiveCfg = Release|Any CPU
		{358F6391-8B47-4927-B4F4-B60473F94D12}.Release|Any CPU.Build.0 = Release|Any CPU
		{0075E017-5AB9-428A-8974-FFF61E254B84}.Debug|Any CPU.ActiveCfg = Debug|Any CPU
		{0075E017-5AB9-428A-8974-FFF61E254B84}.Debug|Any CPU.Build.0 = Debug|Any CPU
		{0075E017-5AB9-428A-8974-FFF61E254B84}.Release|Any CPU.ActiveCfg = Release|Any CPU
		{0075E017-5AB9-428A-8974-FFF61E254B84}.Release|Any CPU.Build.0 = Release|Any CPU
		{5ED600FE-BE7C-4001-81C4-8D2A439542E8}.Debug|Any CPU.ActiveCfg = Debug|Any CPU
		{5ED600FE-BE7C-4001-81C4-8D2A439542E8}.Debug|Any CPU.Build.0 = Debug|Any CPU
		{5ED600FE-BE7C-4001-81C4-8D2A439542E8}.Release|Any CPU.ActiveCfg = Release|Any CPU
		{5ED600FE-BE7C-4001-81C4-8D2A439542E8}.Release|Any CPU.Build.0 = Release|Any CPU
		{648EB092-E058-4D70-9080-A1DCF0387825}.Debug|Any CPU.ActiveCfg = Debug|Any CPU
		{648EB092-E058-4D70-9080-A1DCF0387825}.Debug|Any CPU.Build.0 = Debug|Any CPU
		{648EB092-E058-4D70-9080-A1DCF0387825}.Release|Any CPU.ActiveCfg = Release|Any CPU
		{648EB092-E058-4D70-9080-A1DCF0387825}.Release|Any CPU.Build.0 = Release|Any CPU
		{2CFB51AD-6651-45F3-876E-B768519A0E4E}.Debug|Any CPU.ActiveCfg = Debug|Any CPU
		{2CFB51AD-6651-45F3-876E-B768519A0E4E}.Debug|Any CPU.Build.0 = Debug|Any CPU
		{2CFB51AD-6651-45F3-876E-B768519A0E4E}.Release|Any CPU.ActiveCfg = Release|Any CPU
		{2CFB51AD-6651-45F3-876E-B768519A0E4E}.Release|Any CPU.Build.0 = Release|Any CPU
		{89926990-77A5-40B7-8E46-ED0B33D9B36D}.Debug|Any CPU.ActiveCfg = Debug|Any CPU
		{89926990-77A5-40B7-8E46-ED0B33D9B36D}.Debug|Any CPU.Build.0 = Debug|Any CPU
		{89926990-77A5-40B7-8E46-ED0B33D9B36D}.Release|Any CPU.ActiveCfg = Release|Any CPU
		{89926990-77A5-40B7-8E46-ED0B33D9B36D}.Release|Any CPU.Build.0 = Release|Any CPU
		{A6327BF4-984D-44EE-94AB-9532D0E938DC}.Debug|Any CPU.ActiveCfg = Debug|Any CPU
		{A6327BF4-984D-44EE-94AB-9532D0E938DC}.Debug|Any CPU.Build.0 = Debug|Any CPU
		{A6327BF4-984D-44EE-94AB-9532D0E938DC}.Release|Any CPU.ActiveCfg = Release|Any CPU
		{A6327BF4-984D-44EE-94AB-9532D0E938DC}.Release|Any CPU.Build.0 = Release|Any CPU
		{A42C792F-F40C-4647-8022-7294895CE175}.Debug|Any CPU.ActiveCfg = Debug|Any CPU
		{A42C792F-F40C-4647-8022-7294895CE175}.Debug|Any CPU.Build.0 = Debug|Any CPU
		{A42C792F-F40C-4647-8022-7294895CE175}.Release|Any CPU.ActiveCfg = Release|Any CPU
		{A42C792F-F40C-4647-8022-7294895CE175}.Release|Any CPU.Build.0 = Release|Any CPU
		{803B81B9-594A-4EA2-A997-AB41C3136AC0}.Debug|Any CPU.ActiveCfg = Debug|Any CPU
		{803B81B9-594A-4EA2-A997-AB41C3136AC0}.Debug|Any CPU.Build.0 = Debug|Any CPU
		{803B81B9-594A-4EA2-A997-AB41C3136AC0}.Release|Any CPU.ActiveCfg = Release|Any CPU
		{803B81B9-594A-4EA2-A997-AB41C3136AC0}.Release|Any CPU.Build.0 = Release|Any CPU
		{4A0D5C1E-96EA-4D7E-906B-258EB58B84EA}.Debug|Any CPU.ActiveCfg = Debug|Any CPU
		{4A0D5C1E-96EA-4D7E-906B-258EB58B84EA}.Debug|Any CPU.Build.0 = Debug|Any CPU
		{4A0D5C1E-96EA-4D7E-906B-258EB58B84EA}.Release|Any CPU.ActiveCfg = Release|Any CPU
		{4A0D5C1E-96EA-4D7E-906B-258EB58B84EA}.Release|Any CPU.Build.0 = Release|Any CPU
		{818E3BD8-55A4-47C8-B1A5-C4140A933DDB}.Debug|Any CPU.ActiveCfg = Debug|Any CPU
		{818E3BD8-55A4-47C8-B1A5-C4140A933DDB}.Debug|Any CPU.Build.0 = Debug|Any CPU
		{818E3BD8-55A4-47C8-B1A5-C4140A933DDB}.Release|Any CPU.ActiveCfg = Release|Any CPU
		{818E3BD8-55A4-47C8-B1A5-C4140A933DDB}.Release|Any CPU.Build.0 = Release|Any CPU
		{12F2C2B6-A0A1-40FB-B886-0F2560417C90}.Debug|Any CPU.ActiveCfg = Debug|Any CPU
		{12F2C2B6-A0A1-40FB-B886-0F2560417C90}.Debug|Any CPU.Build.0 = Debug|Any CPU
		{12F2C2B6-A0A1-40FB-B886-0F2560417C90}.Release|Any CPU.ActiveCfg = Release|Any CPU
		{12F2C2B6-A0A1-40FB-B886-0F2560417C90}.Release|Any CPU.Build.0 = Release|Any CPU
	EndGlobalSection
EndGlobal
